// !$*UTF8*$!
{
	archiveVersion = 1;
	classes = {
	};
	objectVersion = 56;
	objects = {

/* Begin PBXBuildFile section */
		FB0AEAB22E204BD600CB812A /* ColdWaterApp.swift in Sources */ = {isa = PBXBuildFile; fileRef = FB0AEAB12E204BD600CB812A /* ColdWaterApp.swift */; };
		FB0AEAB42E204BD600CB812A /* LocationView.swift in Sources */ = {isa = PBXBuildFile; fileRef = FB0AEAB32E204BD600CB812A /* LocationView.swift */; };
		FB0AEAB62E204BD800CB812A /* Assets.xcassets in Resources */ = {isa = PBXBuildFile; fileRef = FB0AEAB52E204BD800CB812A /* Assets.xcassets */; };
		FB0AEAB92E204BD800CB812A /* Preview Assets.xcassets in Resources */ = {isa = PBXBuildFile; fileRef = FB0AEAB82E204BD800CB812A /* Preview Assets.xcassets */; };
		FB0AEAC22E20507300CB812A /* LocationManager.swift in Sources */ = {isa = PBXBuildFile; fileRef = FB0AEAC12E20507300CB812A /* LocationManager.swift */; };
		FB0AEAC42E20507800CB812A /* LocationPickerView.swift in Sources */ = {isa = PBXBuildFile; fileRef = FB0AEAC32E20507800CB812A /* LocationPickerView.swift */; };
		FB0AEADD2E22BAE400CB812A /* LocationManagerTests.swift in Sources */ = {isa = PBXBuildFile; fileRef = FB0AEAC62E205A9300CB812A /* LocationManagerTests.swift */; };
		FB0AEAE02E22DD2300CB812A /* LocationPickerViewTests.swift in Sources */ = {isa = PBXBuildFile; fileRef = FB0AEADE2E22DD2300CB812A /* LocationPickerViewTests.swift */; };
		FB0AEAE12E22DD2300CB812A /* ContentViewModelTests.swift in Sources */ = {isa = PBXBuildFile; fileRef = FB0AEADF2E22DD2300CB812A /* ContentViewModelTests.swift */; };
		FB0AEAE32E2420C300CB812A /* LocationViewModel.swift in Sources */ = {isa = PBXBuildFile; fileRef = FB0AEAE22E2420C300CB812A /* LocationViewModel.swift */; };
		FB0AEAE52E2445A000CB812A /* LocationPickerViewModel.swift in Sources */ = {isa = PBXBuildFile; fileRef = FB0AEAE42E2445A000CB812A /* LocationPickerViewModel.swift */; };
		FB652F382E2C393700B323F1 /* HomeView.swift in Sources */ = {isa = PBXBuildFile; fileRef = FB652F372E2C393700B323F1 /* HomeView.swift */; };
		FB652F3A2E2C3A6A00B323F1 /* HomeViewModel.swift in Sources */ = {isa = PBXBuildFile; fileRef = FB652F392E2C3A6A00B323F1 /* HomeViewModel.swift */; };
		FB652F3C2E2C3AA700B323F1 /* SettingsView.swift in Sources */ = {isa = PBXBuildFile; fileRef = FB652F3B2E2C3AA700B323F1 /* SettingsView.swift */; };
		FB652F3E2E2C3B6800B323F1 /* HomeTests.swift in Sources */ = {isa = PBXBuildFile; fileRef = FB652F3D2E2C3B6800B323F1 /* HomeTests.swift */; };
/* End PBXBuildFile section */

/* Begin PBXContainerItemProxy section */
		FB0AEAD82E22BAE000CB812A /* PBXContainerItemProxy */ = {
			isa = PBXContainerItemProxy;
			containerPortal = FB0AEAA62E204BD500CB812A /* Project object */;
			proxyType = 1;
			remoteGlobalIDString = FB0AEAAD2E204BD600CB812A;
			remoteInfo = ColdWater;
		};
/* End PBXContainerItemProxy section */

/* Begin PBXFileReference section */
		FB0AEAAE2E204BD600CB812A /* ColdWater.app */ = {isa = PBXFileReference; explicitFileType = wrapper.application; includeInIndex = 0; path = ColdWater.app; sourceTree = BUILT_PRODUCTS_DIR; };
		FB0AEAB12E204BD600CB812A /* ColdWaterApp.swift */ = {isa = PBXFileReference; lastKnownFileType = sourcecode.swift; path = ColdWaterApp.swift; sourceTree = "<group>"; };
		FB0AEAB32E204BD600CB812A /* LocationView.swift */ = {isa = PBXFileReference; lastKnownFileType = sourcecode.swift; path = LocationView.swift; sourceTree = "<group>"; };
		FB0AEAB52E204BD800CB812A /* Assets.xcassets */ = {isa = PBXFileReference; lastKnownFileType = folder.assetcatalog; path = Assets.xcassets; sourceTree = "<group>"; };
		FB0AEAB82E204BD800CB812A /* Preview Assets.xcassets */ = {isa = PBXFileReference; lastKnownFileType = folder.assetcatalog; path = "Preview Assets.xcassets"; sourceTree = "<group>"; };
		FB0AEAC12E20507300CB812A /* LocationManager.swift */ = {isa = PBXFileReference; fileEncoding = 4; lastKnownFileType = sourcecode.swift; path = LocationManager.swift; sourceTree = "<group>"; };
		FB0AEAC32E20507800CB812A /* LocationPickerView.swift */ = {isa = PBXFileReference; fileEncoding = 4; lastKnownFileType = sourcecode.swift; path = LocationPickerView.swift; sourceTree = "<group>"; };
		FB0AEAC62E205A9300CB812A /* LocationManagerTests.swift */ = {isa = PBXFileReference; fileEncoding = 4; lastKnownFileType = sourcecode.swift; path = LocationManagerTests.swift; sourceTree = "<group>"; };
		FB0AEAD42E22BAE000CB812A /* ColdWaterTests.xctest */ = {isa = PBXFileReference; explicitFileType = wrapper.cfbundle; includeInIndex = 0; path = ColdWaterTests.xctest; sourceTree = BUILT_PRODUCTS_DIR; };
		FB0AEADE2E22DD2300CB812A /* LocationPickerViewTests.swift */ = {isa = PBXFileReference; fileEncoding = 4; lastKnownFileType = sourcecode.swift; path = LocationPickerViewTests.swift; sourceTree = "<group>"; };
		FB0AEADF2E22DD2300CB812A /* ContentViewModelTests.swift */ = {isa = PBXFileReference; fileEncoding = 4; lastKnownFileType = sourcecode.swift; path = ContentViewModelTests.swift; sourceTree = "<group>"; };
		FB0AEAE22E2420C300CB812A /* LocationViewModel.swift */ = {isa = PBXFileReference; lastKnownFileType = sourcecode.swift; path = LocationViewModel.swift; sourceTree = "<group>"; };
		FB0AEAE42E2445A000CB812A /* LocationPickerViewModel.swift */ = {isa = PBXFileReference; lastKnownFileType = sourcecode.swift; path = LocationPickerViewModel.swift; sourceTree = "<group>"; };
		FB652F372E2C393700B323F1 /* HomeView.swift */ = {isa = PBXFileReference; lastKnownFileType = sourcecode.swift; path = HomeView.swift; sourceTree = "<group>"; };
		FB652F392E2C3A6A00B323F1 /* HomeViewModel.swift */ = {isa = PBXFileReference; lastKnownFileType = sourcecode.swift; path = HomeViewModel.swift; sourceTree = "<group>"; };
		FB652F3B2E2C3AA700B323F1 /* SettingsView.swift */ = {isa = PBXFileReference; lastKnownFileType = sourcecode.swift; path = SettingsView.swift; sourceTree = "<group>"; };
		FB652F3D2E2C3B6800B323F1 /* HomeTests.swift */ = {isa = PBXFileReference; lastKnownFileType = sourcecode.swift; path = HomeTests.swift; sourceTree = "<group>"; };
/* End PBXFileReference section */

/* Begin PBXFrameworksBuildPhase section */
		FB0AEAAB2E204BD600CB812A /* Frameworks */ = {
			isa = PBXFrameworksBuildPhase;
			buildActionMask = 2147483647;
			files = (
			);
			runOnlyForDeploymentPostprocessing = 0;
		};
		FB0AEAD12E22BADF00CB812A /* Frameworks */ = {
			isa = PBXFrameworksBuildPhase;
			buildActionMask = 2147483647;
			files = (
			);
			runOnlyForDeploymentPostprocessing = 0;
		};
/* End PBXFrameworksBuildPhase section */

/* Begin PBXGroup section */
		FB0AEAA52E204BD500CB812A = {
			isa = PBXGroup;
			children = (
				FB0AEAB02E204BD600CB812A /* ColdWater */,
				FB0AEAD52E22BAE000CB812A /* ColdWaterTests */,
				FB0AEAAF2E204BD600CB812A /* Products */,
			);
			sourceTree = "<group>";
		};
		FB0AEAAF2E204BD600CB812A /* Products */ = {
			isa = PBXGroup;
			children = (
				FB0AEAAE2E204BD600CB812A /* ColdWater.app */,
				FB0AEAD42E22BAE000CB812A /* ColdWaterTests.xctest */,
			);
			name = Products;
			sourceTree = "<group>";
		};
		FB0AEAB02E204BD600CB812A /* ColdWater */ = {
			isa = PBXGroup;
			children = (
				FB0AEAC12E20507300CB812A /* LocationManager.swift */,
				FB0AEAC32E20507800CB812A /* LocationPickerView.swift */,
				FB0AEAE42E2445A000CB812A /* LocationPickerViewModel.swift */,
				FB0AEAB12E204BD600CB812A /* ColdWaterApp.swift */,
				FB652F372E2C393700B323F1 /* HomeView.swift */,
				FB652F3B2E2C3AA700B323F1 /* SettingsView.swift */,
				FB652F392E2C3A6A00B323F1 /* HomeViewModel.swift */,
				FB0AEAE22E2420C300CB812A /* LocationViewModel.swift */,
				FB0AEAB32E204BD600CB812A /* LocationView.swift */,
				FB0AEAB52E204BD800CB812A /* Assets.xcassets */,
				FB0AEAB72E204BD800CB812A /* Preview Content */,
			);
			path = ColdWater;
			sourceTree = "<group>";
		};
		FB0AEAB72E204BD800CB812A /* Preview Content */ = {
			isa = PBXGroup;
			children = (
				FB0AEAB82E204BD800CB812A /* Preview Assets.xcassets */,
			);
			path = "Preview Content";
			sourceTree = "<group>";
		};
		FB0AEAD52E22BAE000CB812A /* ColdWaterTests */ = {
			isa = PBXGroup;
			children = (
				FB0AEAC62E205A9300CB812A /* LocationManagerTests.swift */,
				FB0AEADF2E22DD2300CB812A /* ContentViewModelTests.swift */,
				FB0AEADE2E22DD2300CB812A /* LocationPickerViewTests.swift */,
				FB652F3D2E2C3B6800B323F1 /* HomeTests.swift */,
			);
			path = ColdWaterTests;
			sourceTree = "<group>";
		};
/* End PBXGroup section */

/* Begin PBXNativeTarget section */
		FB0AEAAD2E204BD600CB812A /* ColdWater */ = {
			isa = PBXNativeTarget;
			buildConfigurationList = FB0AEABC2E204BD800CB812A /* Build configuration list for PBXNativeTarget "ColdWater" */;
			buildPhases = (
				FB0AEAAA2E204BD600CB812A /* Sources */,
				FB0AEAAB2E204BD600CB812A /* Frameworks */,
				FB0AEAAC2E204BD600CB812A /* Resources */,
			);
			buildRules = (
			);
			dependencies = (
			);
			name = ColdWater;
			productName = ColdWater;
			productReference = FB0AEAAE2E204BD600CB812A /* ColdWater.app */;
			productType = "com.apple.product-type.application";
		};
		FB0AEAD32E22BADF00CB812A /* ColdWaterTests */ = {
			isa = PBXNativeTarget;
			buildConfigurationList = FB0AEADA2E22BAE000CB812A /* Build configuration list for PBXNativeTarget "ColdWaterTests" */;
			buildPhases = (
				FB0AEAD02E22BADF00CB812A /* Sources */,
				FB0AEAD12E22BADF00CB812A /* Frameworks */,
				FB0AEAD22E22BADF00CB812A /* Resources */,
			);
			buildRules = (
			);
			dependencies = (
				FB0AEAD92E22BAE000CB812A /* PBXTargetDependency */,
			);
			name = ColdWaterTests;
			productName = ColdWaterTests;
			productReference = FB0AEAD42E22BAE000CB812A /* ColdWaterTests.xctest */;
			productType = "com.apple.product-type.bundle.unit-test";
		};
/* End PBXNativeTarget section */

/* Begin PBXProject section */
		FB0AEAA62E204BD500CB812A /* Project object */ = {
			isa = PBXProject;
			attributes = {
				BuildIndependentTargetsInParallel = 1;
				LastSwiftUpdateCheck = 1520;
				LastUpgradeCheck = 1520;
				TargetAttributes = {
					FB0AEAAD2E204BD600CB812A = {
						CreatedOnToolsVersion = 15.2;
					};
					FB0AEAD32E22BADF00CB812A = {
						CreatedOnToolsVersion = 15.2;
						TestTargetID = FB0AEAAD2E204BD600CB812A;
					};
				};
			};
			buildConfigurationList = FB0AEAA92E204BD500CB812A /* Build configuration list for PBXProject "ColdWater" */;
			compatibilityVersion = "Xcode 14.0";
			developmentRegion = en;
			hasScannedForEncodings = 0;
			knownRegions = (
				en,
				Base,
			);
			mainGroup = FB0AEAA52E204BD500CB812A;
			productRefGroup = FB0AEAAF2E204BD600CB812A /* Products */;
			projectDirPath = "";
			projectRoot = "";
			targets = (
				FB0AEAAD2E204BD600CB812A /* ColdWater */,
				FB0AEAD32E22BADF00CB812A /* ColdWaterTests */,
			);
		};
/* End PBXProject section */

/* Begin PBXResourcesBuildPhase section */
		FB0AEAAC2E204BD600CB812A /* Resources */ = {
			isa = PBXResourcesBuildPhase;
			buildActionMask = 2147483647;
			files = (
				FB0AEAB92E204BD800CB812A /* Preview Assets.xcassets in Resources */,
				FB0AEAB62E204BD800CB812A /* Assets.xcassets in Resources */,
			);
			runOnlyForDeploymentPostprocessing = 0;
		};
		FB0AEAD22E22BADF00CB812A /* Resources */ = {
			isa = PBXResourcesBuildPhase;
			buildActionMask = 2147483647;
			files = (
			);
			runOnlyForDeploymentPostprocessing = 0;
		};
/* End PBXResourcesBuildPhase section */

/* Begin PBXSourcesBuildPhase section */
		FB0AEAAA2E204BD600CB812A /* Sources */ = {
			isa = PBXSourcesBuildPhase;
			buildActionMask = 2147483647;
			files = (
				FB0AEAB42E204BD600CB812A /* LocationView.swift in Sources */,
				FB652F382E2C393700B323F1 /* HomeView.swift in Sources */,
				FB0AEAE52E2445A000CB812A /* LocationPickerViewModel.swift in Sources */,
				FB652F3C2E2C3AA700B323F1 /* SettingsView.swift in Sources */,
				FB652F3A2E2C3A6A00B323F1 /* HomeViewModel.swift in Sources */,
				FB0AEAC42E20507800CB812A /* LocationPickerView.swift in Sources */,
				FB0AEAB22E204BD600CB812A /* ColdWaterApp.swift in Sources */,
				FB0AEAC22E20507300CB812A /* LocationManager.swift in Sources */,
				FB0AEAE32E2420C300CB812A /* LocationViewModel.swift in Sources */,
			);
			runOnlyForDeploymentPostprocessing = 0;
		};
		FB0AEAD02E22BADF00CB812A /* Sources */ = {
			isa = PBXSourcesBuildPhase;
			buildActionMask = 2147483647;
			files = (
				FB0AEADD2E22BAE400CB812A /* LocationManagerTests.swift in Sources */,
				FB0AEAE12E22DD2300CB812A /* ContentViewModelTests.swift in Sources */,
				FB652F3E2E2C3B6800B323F1 /* HomeTests.swift in Sources */,
				FB0AEAE02E22DD2300CB812A /* LocationPickerViewTests.swift in Sources */,
			);
			runOnlyForDeploymentPostprocessing = 0;
		};
/* End PBXSourcesBuildPhase section */

/* Begin PBXTargetDependency section */
		FB0AEAD92E22BAE000CB812A /* PBXTargetDependency */ = {
			isa = PBXTargetDependency;
			target = FB0AEAAD2E204BD600CB812A /* ColdWater */;
			targetProxy = FB0AEAD82E22BAE000CB812A /* PBXContainerItemProxy */;
		};
/* End PBXTargetDependency section */

/* Begin XCBuildConfiguration section */
		FB0AEABA2E204BD800CB812A /* Debug */ = {
			isa = XCBuildConfiguration;
			buildSettings = {
				ALWAYS_SEARCH_USER_PATHS = NO;
				ASSETCATALOG_COMPILER_GENERATE_SWIFT_ASSET_SYMBOL_EXTENSIONS = YES;
				CLANG_ANALYZER_NONNULL = YES;
				CLANG_ANALYZER_NUMBER_OBJECT_CONVERSION = YES_AGGRESSIVE;
				CLANG_CXX_LANGUAGE_STANDARD = "gnu++20";
				CLANG_ENABLE_MODULES = YES;
				CLANG_ENABLE_OBJC_ARC = YES;
				CLANG_ENABLE_OBJC_WEAK = YES;
				CLANG_WARN_BLOCK_CAPTURE_AUTORELEASING = YES;
				CLANG_WARN_BOOL_CONVERSION = YES;
				CLANG_WARN_COMMA = YES;
				CLANG_WARN_CONSTANT_CONVERSION = YES;
				CLANG_WARN_DEPRECATED_OBJC_IMPLEMENTATIONS = YES;
				CLANG_WARN_DIRECT_OBJC_ISA_USAGE = YES_ERROR;
				CLANG_WARN_DOCUMENTATION_COMMENTS = YES;
				CLANG_WARN_EMPTY_BODY = YES;
				CLANG_WARN_ENUM_CONVERSION = YES;
				CLANG_WARN_INFINITE_RECURSION = YES;
				CLANG_WARN_INT_CONVERSION = YES;
				CLANG_WARN_NON_LITERAL_NULL_CONVERSION = YES;
				CLANG_WARN_OBJC_IMPLICIT_RETAIN_SELF = YES;
				CLANG_WARN_OBJC_LITERAL_CONVERSION = YES;
				CLANG_WARN_OBJC_ROOT_CLASS = YES_ERROR;
				CLANG_WARN_QUOTED_INCLUDE_IN_FRAMEWORK_HEADER = YES;
				CLANG_WARN_RANGE_LOOP_ANALYSIS = YES;
				CLANG_WARN_STRICT_PROTOTYPES = YES;
				CLANG_WARN_SUSPICIOUS_MOVE = YES;
				CLANG_WARN_UNGUARDED_AVAILABILITY = YES_AGGRESSIVE;
				CLANG_WARN_UNREACHABLE_CODE = YES;
				CLANG_WARN__DUPLICATE_METHOD_MATCH = YES;
				COPY_PHASE_STRIP = NO;
				DEBUG_INFORMATION_FORMAT = dwarf;
				ENABLE_STRICT_OBJC_MSGSEND = YES;
				ENABLE_TESTABILITY = YES;
				ENABLE_USER_SCRIPT_SANDBOXING = YES;
				GCC_C_LANGUAGE_STANDARD = gnu17;
				GCC_DYNAMIC_NO_PIC = NO;
				GCC_NO_COMMON_BLOCKS = YES;
				GCC_OPTIMIZATION_LEVEL = 0;
				GCC_PREPROCESSOR_DEFINITIONS = (
					"DEBUG=1",
					"$(inherited)",
				);
				GCC_WARN_64_TO_32_BIT_CONVERSION = YES;
				GCC_WARN_ABOUT_RETURN_TYPE = YES_ERROR;
				GCC_WARN_UNDECLARED_SELECTOR = YES;
				GCC_WARN_UNINITIALIZED_AUTOS = YES_AGGRESSIVE;
				GCC_WARN_UNUSED_FUNCTION = YES;
				GCC_WARN_UNUSED_VARIABLE = YES;
				IPHONEOS_DEPLOYMENT_TARGET = 17.2;
				LOCALIZATION_PREFERS_STRING_CATALOGS = YES;
				MTL_ENABLE_DEBUG_INFO = INCLUDE_SOURCE;
				MTL_FAST_MATH = YES;
				ONLY_ACTIVE_ARCH = YES;
				SDKROOT = iphoneos;
				SWIFT_ACTIVE_COMPILATION_CONDITIONS = "DEBUG $(inherited)";
				SWIFT_OPTIMIZATION_LEVEL = "-Onone";
			};
			name = Debug;
		};
		FB0AEABB2E204BD800CB812A /* Release */ = {
			isa = XCBuildConfiguration;
			buildSettings = {
				ALWAYS_SEARCH_USER_PATHS = NO;
				ASSETCATALOG_COMPILER_GENERATE_SWIFT_ASSET_SYMBOL_EXTENSIONS = YES;
				CLANG_ANALYZER_NONNULL = YES;
				CLANG_ANALYZER_NUMBER_OBJECT_CONVERSION = YES_AGGRESSIVE;
				CLANG_CXX_LANGUAGE_STANDARD = "gnu++20";
				CLANG_ENABLE_MODULES = YES;
				CLANG_ENABLE_OBJC_ARC = YES;
				CLANG_ENABLE_OBJC_WEAK = YES;
				CLANG_WARN_BLOCK_CAPTURE_AUTORELEASING = YES;
				CLANG_WARN_BOOL_CONVERSION = YES;
				CLANG_WARN_COMMA = YES;
				CLANG_WARN_CONSTANT_CONVERSION = YES;
				CLANG_WARN_DEPRECATED_OBJC_IMPLEMENTATIONS = YES;
				CLANG_WARN_DIRECT_OBJC_ISA_USAGE = YES_ERROR;
				CLANG_WARN_DOCUMENTATION_COMMENTS = YES;
				CLANG_WARN_EMPTY_BODY = YES;
				CLANG_WARN_ENUM_CONVERSION = YES;
				CLANG_WARN_INFINITE_RECURSION = YES;
				CLANG_WARN_INT_CONVERSION = YES;
				CLANG_WARN_NON_LITERAL_NULL_CONVERSION = YES;
				CLANG_WARN_OBJC_IMPLICIT_RETAIN_SELF = YES;
				CLANG_WARN_OBJC_LITERAL_CONVERSION = YES;
				CLANG_WARN_OBJC_ROOT_CLASS = YES_ERROR;
				CLANG_WARN_QUOTED_INCLUDE_IN_FRAMEWORK_HEADER = YES;
				CLANG_WARN_RANGE_LOOP_ANALYSIS = YES;
				CLANG_WARN_STRICT_PROTOTYPES = YES;
				CLANG_WARN_SUSPICIOUS_MOVE = YES;
				CLANG_WARN_UNGUARDED_AVAILABILITY = YES_AGGRESSIVE;
				CLANG_WARN_UNREACHABLE_CODE = YES;
				CLANG_WARN__DUPLICATE_METHOD_MATCH = YES;
				COPY_PHASE_STRIP = NO;
				DEBUG_INFORMATION_FORMAT = "dwarf-with-dsym";
				ENABLE_NS_ASSERTIONS = NO;
				ENABLE_STRICT_OBJC_MSGSEND = YES;
				ENABLE_USER_SCRIPT_SANDBOXING = YES;
				GCC_C_LANGUAGE_STANDARD = gnu17;
				GCC_NO_COMMON_BLOCKS = YES;
				GCC_WARN_64_TO_32_BIT_CONVERSION = YES;
				GCC_WARN_ABOUT_RETURN_TYPE = YES_ERROR;
				GCC_WARN_UNDECLARED_SELECTOR = YES;
				GCC_WARN_UNINITIALIZED_AUTOS = YES_AGGRESSIVE;
				GCC_WARN_UNUSED_FUNCTION = YES;
				GCC_WARN_UNUSED_VARIABLE = YES;
				IPHONEOS_DEPLOYMENT_TARGET = 17.2;
				LOCALIZATION_PREFERS_STRING_CATALOGS = YES;
				MTL_ENABLE_DEBUG_INFO = NO;
				MTL_FAST_MATH = YES;
				SDKROOT = iphoneos;
				SWIFT_COMPILATION_MODE = wholemodule;
				VALIDATE_PRODUCT = YES;
			};
			name = Release;
		};
		FB0AEABD2E204BD800CB812A /* Debug */ = {
			isa = XCBuildConfiguration;
			buildSettings = {
				ASSETCATALOG_COMPILER_APPICON_NAME = AppIcon;
				ASSETCATALOG_COMPILER_GLOBAL_ACCENT_COLOR_NAME = AccentColor;
				CODE_SIGN_IDENTITY = "iPhone Developer";
				CODE_SIGN_STYLE = Automatic;
				CURRENT_PROJECT_VERSION = 1;
				DEVELOPMENT_ASSET_PATHS = "\"ColdWater/Preview Content\"";
				DEVELOPMENT_TEAM = 969BFJ8RVF;
				ENABLE_PREVIEWS = YES;
				GENERATE_INFOPLIST_FILE = YES;
				INFOPLIST_KEY_NSLocationAlwaysAndWhenInUseUsageDescription = "For the app to track your location";
				INFOPLIST_KEY_NSLocationAlwaysUsageDescription = "For the app to track your location";
				INFOPLIST_KEY_NSLocationWhenInUseUsageDescription = "";
				INFOPLIST_KEY_UIApplicationSceneManifest_Generation = YES;
				INFOPLIST_KEY_UIApplicationSupportsIndirectInputEvents = YES;
				INFOPLIST_KEY_UILaunchScreen_Generation = YES;
				INFOPLIST_KEY_UISupportedInterfaceOrientations_iPad = "UIInterfaceOrientationPortrait UIInterfaceOrientationPortraitUpsideDown UIInterfaceOrientationLandscapeLeft UIInterfaceOrientationLandscapeRight";
				INFOPLIST_KEY_UISupportedInterfaceOrientations_iPhone = "UIInterfaceOrientationPortrait UIInterfaceOrientationLandscapeLeft UIInterfaceOrientationLandscapeRight";
				LD_RUNPATH_SEARCH_PATHS = (
					"$(inherited)",
					"@executable_path/Frameworks",
				);
				MARKETING_VERSION = 1.0;
				PRODUCT_BUNDLE_IDENTIFIER = com.catherinecshi.ColdWater;
				PRODUCT_NAME = "$(TARGET_NAME)";
				SWIFT_EMIT_LOC_STRINGS = YES;
				SWIFT_VERSION = 5.0;
				SYSTEM_FRAMEWORK_SEARCH_PATHS = Yes;
				TARGETED_DEVICE_FAMILY = "1,2";
			};
			name = Debug;
		};
		FB0AEABE2E204BD800CB812A /* Release */ = {
			isa = XCBuildConfiguration;
			buildSettings = {
				ASSETCATALOG_COMPILER_APPICON_NAME = AppIcon;
				ASSETCATALOG_COMPILER_GLOBAL_ACCENT_COLOR_NAME = AccentColor;
				CODE_SIGN_IDENTITY = "iPhone Developer";
				CODE_SIGN_STYLE = Automatic;
				CURRENT_PROJECT_VERSION = 1;
				DEVELOPMENT_ASSET_PATHS = "\"ColdWater/Preview Content\"";
				DEVELOPMENT_TEAM = 969BFJ8RVF;
				ENABLE_PREVIEWS = YES;
				GENERATE_INFOPLIST_FILE = YES;
				INFOPLIST_KEY_NSLocationAlwaysAndWhenInUseUsageDescription = "For the app to track your location";
				INFOPLIST_KEY_NSLocationAlwaysUsageDescription = "For the app to track your location";
				INFOPLIST_KEY_NSLocationWhenInUseUsageDescription = "";
				INFOPLIST_KEY_UIApplicationSceneManifest_Generation = YES;
				INFOPLIST_KEY_UIApplicationSupportsIndirectInputEvents = YES;
				INFOPLIST_KEY_UILaunchScreen_Generation = YES;
				INFOPLIST_KEY_UISupportedInterfaceOrientations_iPad = "UIInterfaceOrientationPortrait UIInterfaceOrientationPortraitUpsideDown UIInterfaceOrientationLandscapeLeft UIInterfaceOrientationLandscapeRight";
				INFOPLIST_KEY_UISupportedInterfaceOrientations_iPhone = "UIInterfaceOrientationPortrait UIInterfaceOrientationLandscapeLeft UIInterfaceOrientationLandscapeRight";
				LD_RUNPATH_SEARCH_PATHS = (
					"$(inherited)",
					"@executable_path/Frameworks",
				);
				MARKETING_VERSION = 1.0;
				PRODUCT_BUNDLE_IDENTIFIER = com.catherinecshi.ColdWater;
				PRODUCT_NAME = "$(TARGET_NAME)";
				SWIFT_EMIT_LOC_STRINGS = YES;
				SWIFT_VERSION = 5.0;
				SYSTEM_FRAMEWORK_SEARCH_PATHS = Yes;
				"SYSTEM_FRAMEWORK_SEARCH_PATHS[arch=*]" = Yes;
				TARGETED_DEVICE_FAMILY = "1,2";
			};
			name = Release;
		};
		FB0AEADB2E22BAE000CB812A /* Debug */ = {
			isa = XCBuildConfiguration;
			buildSettings = {
				BUNDLE_LOADER = "$(TEST_HOST)";
				CODE_SIGN_STYLE = Automatic;
				CURRENT_PROJECT_VERSION = 1;
				DEVELOPMENT_TEAM = 969BFJ8RVF;
				GENERATE_INFOPLIST_FILE = YES;
				MARKETING_VERSION = 1.0;
				PRODUCT_BUNDLE_IDENTIFIER = com.catherinecshi.ColdWaterTests;
				PRODUCT_NAME = "$(TARGET_NAME)";
				SWIFT_EMIT_LOC_STRINGS = NO;
				SWIFT_VERSION = 5.0;
				TARGETED_DEVICE_FAMILY = "1,2";
				TEST_HOST = "$(BUILT_PRODUCTS_DIR)/ColdWater.app/$(BUNDLE_EXECUTABLE_FOLDER_PATH)/ColdWater";
			};
			name = Debug;
		};
		FB0AEADC2E22BAE000CB812A /* Release */ = {
			isa = XCBuildConfiguration;
			buildSettings = {
				BUNDLE_LOADER = "$(TEST_HOST)";
				CODE_SIGN_STYLE = Automatic;
				CURRENT_PROJECT_VERSION = 1;
				DEVELOPMENT_TEAM = 969BFJ8RVF;
				GENERATE_INFOPLIST_FILE = YES;
				MARKETING_VERSION = 1.0;
				PRODUCT_BUNDLE_IDENTIFIER = com.catherinecshi.ColdWaterTests;
				PRODUCT_NAME = "$(TARGET_NAME)";
				SWIFT_EMIT_LOC_STRINGS = NO;
				SWIFT_VERSION = 5.0;
				TARGETED_DEVICE_FAMILY = "1,2";
				TEST_HOST = "$(BUILT_PRODUCTS_DIR)/ColdWater.app/$(BUNDLE_EXECUTABLE_FOLDER_PATH)/ColdWater";
			};
			name = Release;
		};
/* End XCBuildConfiguration section */

/* Begin XCConfigurationList section */
		FB0AEAA92E204BD500CB812A /* Build configuration list for PBXProject "ColdWater" */ = {
			isa = XCConfigurationList;
			buildConfigurations = (
				FB0AEABA2E204BD800CB812A /* Debug */,
				FB0AEABB2E204BD800CB812A /* Release */,
			);
			defaultConfigurationIsVisible = 0;
			defaultConfigurationName = Release;
		};
		FB0AEABC2E204BD800CB812A /* Build configuration list for PBXNativeTarget "ColdWater" */ = {
			isa = XCConfigurationList;
			buildConfigurations = (
				FB0AEABD2E204BD800CB812A /* Debug */,
				FB0AEABE2E204BD800CB812A /* Release */,
			);
			defaultConfigurationIsVisible = 0;
			defaultConfigurationName = Release;
		};
		FB0AEADA2E22BAE000CB812A /* Build configuration list for PBXNativeTarget "ColdWaterTests" */ = {
			isa = XCConfigurationList;
			buildConfigurations = (
				FB0AEADB2E22BAE000CB812A /* Debug */,
				FB0AEADC2E22BAE000CB812A /* Release */,
			);
			defaultConfigurationIsVisible = 0;
			defaultConfigurationName = Release;
		};
/* End XCConfigurationList section */
	};
	rootObject = FB0AEAA62E204BD500CB812A /* Project object */;
}
