// !$*UTF8*$!
{
	archiveVersion = 1;
	classes = {
	};
	objectVersion = 56;
	objects = {

/* Begin PBXBuildFile section */
		2827EB27AA3F92692BA5B5ED /* Pods_ColdWaterTests.framework in Frameworks */ = {isa = PBXBuildFile; fileRef = B7BA4F2070DA439B41709F99 /* Pods_ColdWaterTests.framework */; };
		7CC64D4ED7BA90A548EBFD21 /* Pods_ColdWater.framework in Frameworks */ = {isa = PBXBuildFile; fileRef = F0C486DCEB05F0011A3A24FC /* Pods_ColdWater.framework */; };
		FB0AEAB22E204BD600CB812A /* ColdWaterApp.swift in Sources */ = {isa = PBXBuildFile; fileRef = FB0AEAB12E204BD600CB812A /* ColdWaterApp.swift */; };
		FB0AEAB42E204BD600CB812A /* LocationView.swift in Sources */ = {isa = PBXBuildFile; fileRef = FB0AEAB32E204BD600CB812A /* LocationView.swift */; };
		FB0AEAB62E204BD800CB812A /* Assets.xcassets in Resources */ = {isa = PBXBuildFile; fileRef = FB0AEAB52E204BD800CB812A /* Assets.xcassets */; };
		FB0AEAB92E204BD800CB812A /* Preview Assets.xcassets in Resources */ = {isa = PBXBuildFile; fileRef = FB0AEAB82E204BD800CB812A /* Preview Assets.xcassets */; };
		FB0AEAC22E20507300CB812A /* LocationManager.swift in Sources */ = {isa = PBXBuildFile; fileRef = FB0AEAC12E20507300CB812A /* LocationManager.swift */; };
		FB0AEAC42E20507800CB812A /* LocationPickerView.swift in Sources */ = {isa = PBXBuildFile; fileRef = FB0AEAC32E20507800CB812A /* LocationPickerView.swift */; };
		FB0AEADD2E22BAE400CB812A /* LocationManagerTests.swift in Sources */ = {isa = PBXBuildFile; fileRef = FB0AEAC62E205A9300CB812A /* LocationManagerTests.swift */; };
		FB0AEAE02E22DD2300CB812A /* LocationPickerViewTests.swift in Sources */ = {isa = PBXBuildFile; fileRef = FB0AEADE2E22DD2300CB812A /* LocationPickerViewTests.swift */; };
		FB0AEAE12E22DD2300CB812A /* LocationViewModelTests.swift in Sources */ = {isa = PBXBuildFile; fileRef = FB0AEADF2E22DD2300CB812A /* LocationViewModelTests.swift */; };
		FB0AEAE32E2420C300CB812A /* LocationViewModel.swift in Sources */ = {isa = PBXBuildFile; fileRef = FB0AEAE22E2420C300CB812A /* LocationViewModel.swift */; };
		FB0AEAE52E2445A000CB812A /* LocationPickerViewModel.swift in Sources */ = {isa = PBXBuildFile; fileRef = FB0AEAE42E2445A000CB812A /* LocationPickerViewModel.swift */; };
		FB5EC1C62E2C7ECE00107E24 /* AuthenticationStatus.swift in Sources */ = {isa = PBXBuildFile; fileRef = FB5EC1C52E2C7ECE00107E24 /* AuthenticationStatus.swift */; };
		FB5EC1C82E2C7EFB00107E24 /* AppleSignInHelpers.swift in Sources */ = {isa = PBXBuildFile; fileRef = FB5EC1C72E2C7EFB00107E24 /* AppleSignInHelpers.swift */; };
		FB5EC1CA2E2C7F2D00107E24 /* CWUser.swift in Sources */ = {isa = PBXBuildFile; fileRef = FB5EC1C92E2C7F2D00107E24 /* CWUser.swift */; };
		FB5EC1CD2E2C7F6600107E24 /* SingletonRegistry.swift in Sources */ = {isa = PBXBuildFile; fileRef = FB5EC1CC2E2C7F6600107E24 /* SingletonRegistry.swift */; };
		FB5EC1D32E2C85D100107E24 /* AppState.swift in Sources */ = {isa = PBXBuildFile; fileRef = FB5EC1D22E2C85D100107E24 /* AppState.swift */; };
		FB5EC1D52E2C85F500107E24 /* WelcomeView.swift in Sources */ = {isa = PBXBuildFile; fileRef = FB5EC1D42E2C85F500107E24 /* WelcomeView.swift */; };
		FB5EC1D82E2C86A000107E24 /* AppleSignInButton.swift in Sources */ = {isa = PBXBuildFile; fileRef = FB5EC1D72E2C86A000107E24 /* AppleSignInButton.swift */; };
		FB5EC1DA2E2C87A300107E24 /* UIConfiguration.swift in Sources */ = {isa = PBXBuildFile; fileRef = FB5EC1D92E2C87A300107E24 /* UIConfiguration.swift */; };
		FB5EC1DC2E2C88BC00107E24 /* SignInView.swift in Sources */ = {isa = PBXBuildFile; fileRef = FB5EC1DB2E2C88BC00107E24 /* SignInView.swift */; };
		FB5EC1DE2E2C88C300107E24 /* SignUpView.swift in Sources */ = {isa = PBXBuildFile; fileRef = FB5EC1DD2E2C88C300107E24 /* SignUpView.swift */; };
		FB5EC1E02E2C8EDC00107E24 /* SignUpViewModel.swift in Sources */ = {isa = PBXBuildFile; fileRef = FB5EC1DF2E2C8EDC00107E24 /* SignUpViewModel.swift */; };
		FB5EC1E22E2C8F2F00107E24 /* SignInViewModel.swift in Sources */ = {isa = PBXBuildFile; fileRef = FB5EC1E12E2C8F2F00107E24 /* SignInViewModel.swift */; };
		FB5EC1E42E2C91F200107E24 /* AccountConversionViewModel.swift in Sources */ = {isa = PBXBuildFile; fileRef = FB5EC1E32E2C91F200107E24 /* AccountConversionViewModel.swift */; };
		FB5EC1E62E2C91FF00107E24 /* AccountConversionView.swift in Sources */ = {isa = PBXBuildFile; fileRef = FB5EC1E52E2C91FF00107E24 /* AccountConversionView.swift */; };
		FB5EC1E82E2C92C900107E24 /* SettingsViewModel.swift in Sources */ = {isa = PBXBuildFile; fileRef = FB5EC1E72E2C92C900107E24 /* SettingsViewModel.swift */; };
		FB5EC1EC2E2D449200107E24 /* AuthenticationManagerTests.swift in Sources */ = {isa = PBXBuildFile; fileRef = FB5EC1EB2E2D449200107E24 /* AuthenticationManagerTests.swift */; };
		FB5EC1EE2E2D4E9100107E24 /* WelcomeViewTests.swift in Sources */ = {isa = PBXBuildFile; fileRef = FB5EC1ED2E2D4E9100107E24 /* WelcomeViewTests.swift */; };
		FB5EC1F42E2D54E000107E24 /* TestableAuthenticationManager.swift in Sources */ = {isa = PBXBuildFile; fileRef = FB5EC1F32E2D54E000107E24 /* TestableAuthenticationManager.swift */; };
		FB5EC1F62E2D551F00107E24 /* MockFirebaseAuth.swift in Sources */ = {isa = PBXBuildFile; fileRef = FB5EC1F52E2D551F00107E24 /* MockFirebaseAuth.swift */; };
		FB5EC1FA2E2D7F1F00107E24 /* SignInViewTests.swift in Sources */ = {isa = PBXBuildFile; fileRef = FB5EC1F92E2D7F1F00107E24 /* SignInViewTests.swift */; };
		FB5EC1FC2E2D81CF00107E24 /* SignUpViewTests.swift in Sources */ = {isa = PBXBuildFile; fileRef = FB5EC1FB2E2D81CF00107E24 /* SignUpViewTests.swift */; };
		FB5EC1FE2E2D845400107E24 /* AccountConversionViewTests.swift in Sources */ = {isa = PBXBuildFile; fileRef = FB5EC1FD2E2D845400107E24 /* AccountConversionViewTests.swift */; };
		FB5EC2062E2D8DE500107E24 /* OnboardingContainerView.swift in Sources */ = {isa = PBXBuildFile; fileRef = FB5EC2022E2D8DE400107E24 /* OnboardingContainerView.swift */; };
		FB5EC2072E2D8DE500107E24 /* UserPreferences.swift in Sources */ = {isa = PBXBuildFile; fileRef = FB5EC2042E2D8DE400107E24 /* UserPreferences.swift */; };
		FB5EC2082E2D8DE500107E24 /* WakeUpTimeView.swift in Sources */ = {isa = PBXBuildFile; fileRef = FB5EC2002E2D8DE400107E24 /* WakeUpTimeView.swift */; };
		FB5EC2092E2D8DE500107E24 /* OnboardingConfirmationView.swift in Sources */ = {isa = PBXBuildFile; fileRef = FB5EC1FF2E2D8DE400107E24 /* OnboardingConfirmationView.swift */; };
		FB5EC20A2E2D8DE500107E24 /* OnboardingCoordinator.swift in Sources */ = {isa = PBXBuildFile; fileRef = FB5EC2032E2D8DE400107E24 /* OnboardingCoordinator.swift */; };
		FB5EC20C2E2D8E7500107E24 /* GoogleService-Info.plist in Resources */ = {isa = PBXBuildFile; fileRef = FB5EC20B2E2D8E7500107E24 /* GoogleService-Info.plist */; };
		FB5EC20E2E2D90AF00107E24 /* WakeUpMethodView.swift in Sources */ = {isa = PBXBuildFile; fileRef = FB5EC20D2E2D90AE00107E24 /* WakeUpMethodView.swift */; };
		FB5EC2102E2D90B400107E24 /* StepsConfigView.swift in Sources */ = {isa = PBXBuildFile; fileRef = FB5EC20F2E2D90B400107E24 /* StepsConfigView.swift */; };
		FB5EC2122E2D90BA00107E24 /* LocationConfigView.swift in Sources */ = {isa = PBXBuildFile; fileRef = FB5EC2112E2D90BA00107E24 /* LocationConfigView.swift */; };
		FB5EC2142E2D90C000107E24 /* GracePeriodView.swift in Sources */ = {isa = PBXBuildFile; fileRef = FB5EC2132E2D90C000107E24 /* GracePeriodView.swift */; };
		FB5EC2162E2D90CB00107E24 /* MotivationMethodView.swift in Sources */ = {isa = PBXBuildFile; fileRef = FB5EC2152E2D90CB00107E24 /* MotivationMethodView.swift */; };
		FB652F382E2C393700B323F1 /* HomeView.swift in Sources */ = {isa = PBXBuildFile; fileRef = FB652F372E2C393700B323F1 /* HomeView.swift */; };
		FB652F3A2E2C3A6A00B323F1 /* HomeViewModel.swift in Sources */ = {isa = PBXBuildFile; fileRef = FB652F392E2C3A6A00B323F1 /* HomeViewModel.swift */; };
		FB652F3C2E2C3AA700B323F1 /* SettingsView.swift in Sources */ = {isa = PBXBuildFile; fileRef = FB652F3B2E2C3AA700B323F1 /* SettingsView.swift */; };
		FB652F3E2E2C3B6800B323F1 /* HomeViewTests.swift in Sources */ = {isa = PBXBuildFile; fileRef = FB652F3D2E2C3B6800B323F1 /* HomeViewTests.swift */; };
		FB652F422E2C3F3B00B323F1 /* AuthenticationManager.swift in Sources */ = {isa = PBXBuildFile; fileRef = FB652F412E2C3F3B00B323F1 /* AuthenticationManager.swift */; };
		FBDDCE9D2E2E87140085B7E4 /* HealthKitManager.swift in Sources */ = {isa = PBXBuildFile; fileRef = FBDDCE9C2E2E87140085B7E4 /* HealthKitManager.swift */; };
		FBDDCEA02E50E2BB0085B7E4 /* Auth in Frameworks */ = {isa = PBXBuildFile; productRef = FBDDCE9F2E50E2BB0085B7E4 /* Auth */; };
		FBDDCEA22E50E2BB0085B7E4 /* Functions in Frameworks */ = {isa = PBXBuildFile; productRef = FBDDCEA12E50E2BB0085B7E4 /* Functions */; };
		FBDDCEA42E50E2BB0085B7E4 /* PostgREST in Frameworks */ = {isa = PBXBuildFile; productRef = FBDDCEA32E50E2BB0085B7E4 /* PostgREST */; };
		FBDDCEA62E50E2BB0085B7E4 /* Realtime in Frameworks */ = {isa = PBXBuildFile; productRef = FBDDCEA52E50E2BB0085B7E4 /* Realtime */; };
		FBDDCEA82E50E2BB0085B7E4 /* Storage in Frameworks */ = {isa = PBXBuildFile; productRef = FBDDCEA72E50E2BB0085B7E4 /* Storage */; };
		FBDDCEB02E50EA910085B7E4 /* Supabase in Frameworks */ = {isa = PBXBuildFile; productRef = FBDDCEAF2E50EA910085B7E4 /* Supabase */; };
		FBDDCEB22E575E8B0085B7E4 /* SupabaseService.swift in Sources */ = {isa = PBXBuildFile; fileRef = FBDDCEB12E575E8B0085B7E4 /* SupabaseService.swift */; };
		FBDDCEB42E575E960085B7E4 /* UserPreferencesManager.swift in Sources */ = {isa = PBXBuildFile; fileRef = FBDDCEB32E575E960085B7E4 /* UserPreferencesManager.swift */; };
		FBDDCEB72E578F5A0085B7E4 /* AlarmKitManager.swift in Sources */ = {isa = PBXBuildFile; fileRef = FBDDCEB62E578F5A0085B7E4 /* AlarmKitManager.swift */; };
		FBDDCEB92E5799DF0085B7E4 /* IntroSlideShowView.swift in Sources */ = {isa = PBXBuildFile; fileRef = FBDDCEB82E5799DF0085B7E4 /* IntroSlideShowView.swift */; };
		FBDDCEBB2E58B46D0085B7E4 /* OnboardingAuthViewModel.swift in Sources */ = {isa = PBXBuildFile; fileRef = FBDDCEBA2E58B46D0085B7E4 /* OnboardingAuthViewModel.swift */; };
/* End PBXBuildFile section */

/* Begin PBXContainerItemProxy section */
		FB0AEAD82E22BAE000CB812A /* PBXContainerItemProxy */ = {
			isa = PBXContainerItemProxy;
			containerPortal = FB0AEAA62E204BD500CB812A /* Project object */;
			proxyType = 1;
			remoteGlobalIDString = FB0AEAAD2E204BD600CB812A;
			remoteInfo = ColdWater;
		};
/* End PBXContainerItemProxy section */

/* Begin PBXFileReference section */
		3E8027575C639F1CC2BCC3C3 /* Pods-ColdWaterTests.debug.xcconfig */ = {isa = PBXFileReference; includeInIndex = 1; lastKnownFileType = text.xcconfig; name = "Pods-ColdWaterTests.debug.xcconfig"; path = "Target Support Files/Pods-ColdWaterTests/Pods-ColdWaterTests.debug.xcconfig"; sourceTree = "<group>"; };
		7A88D236828A5CED4DDCC044 /* Pods-ColdWaterTests.release.xcconfig */ = {isa = PBXFileReference; includeInIndex = 1; lastKnownFileType = text.xcconfig; name = "Pods-ColdWaterTests.release.xcconfig"; path = "Target Support Files/Pods-ColdWaterTests/Pods-ColdWaterTests.release.xcconfig"; sourceTree = "<group>"; };
		8E969B1F802A208C46DC5C3B /* Pods-ColdWater.release.xcconfig */ = {isa = PBXFileReference; includeInIndex = 1; lastKnownFileType = text.xcconfig; name = "Pods-ColdWater.release.xcconfig"; path = "Target Support Files/Pods-ColdWater/Pods-ColdWater.release.xcconfig"; sourceTree = "<group>"; };
		B7BA4F2070DA439B41709F99 /* Pods_ColdWaterTests.framework */ = {isa = PBXFileReference; explicitFileType = wrapper.framework; includeInIndex = 0; path = Pods_ColdWaterTests.framework; sourceTree = BUILT_PRODUCTS_DIR; };
		DDC7C2F56E07B4D87E8215BE /* Pods-ColdWater.debug.xcconfig */ = {isa = PBXFileReference; includeInIndex = 1; lastKnownFileType = text.xcconfig; name = "Pods-ColdWater.debug.xcconfig"; path = "Target Support Files/Pods-ColdWater/Pods-ColdWater.debug.xcconfig"; sourceTree = "<group>"; };
		F0C486DCEB05F0011A3A24FC /* Pods_ColdWater.framework */ = {isa = PBXFileReference; explicitFileType = wrapper.framework; includeInIndex = 0; path = Pods_ColdWater.framework; sourceTree = BUILT_PRODUCTS_DIR; };
		FB0AEAAE2E204BD600CB812A /* ColdWater.app */ = {isa = PBXFileReference; explicitFileType = wrapper.application; includeInIndex = 0; path = ColdWater.app; sourceTree = BUILT_PRODUCTS_DIR; };
		FB0AEAB12E204BD600CB812A /* ColdWaterApp.swift */ = {isa = PBXFileReference; lastKnownFileType = sourcecode.swift; path = ColdWaterApp.swift; sourceTree = "<group>"; };
		FB0AEAB32E204BD600CB812A /* LocationView.swift */ = {isa = PBXFileReference; lastKnownFileType = sourcecode.swift; path = LocationView.swift; sourceTree = "<group>"; };
		FB0AEAB52E204BD800CB812A /* Assets.xcassets */ = {isa = PBXFileReference; lastKnownFileType = folder.assetcatalog; path = Assets.xcassets; sourceTree = "<group>"; };
		FB0AEAB82E204BD800CB812A /* Preview Assets.xcassets */ = {isa = PBXFileReference; lastKnownFileType = folder.assetcatalog; path = "Preview Assets.xcassets"; sourceTree = "<group>"; };
		FB0AEAC12E20507300CB812A /* LocationManager.swift */ = {isa = PBXFileReference; fileEncoding = 4; lastKnownFileType = sourcecode.swift; path = LocationManager.swift; sourceTree = "<group>"; };
		FB0AEAC32E20507800CB812A /* LocationPickerView.swift */ = {isa = PBXFileReference; fileEncoding = 4; lastKnownFileType = sourcecode.swift; path = LocationPickerView.swift; sourceTree = "<group>"; };
		FB0AEAC62E205A9300CB812A /* LocationManagerTests.swift */ = {isa = PBXFileReference; fileEncoding = 4; lastKnownFileType = sourcecode.swift; path = LocationManagerTests.swift; sourceTree = "<group>"; };
		FB0AEAD42E22BAE000CB812A /* ColdWaterTests.xctest */ = {isa = PBXFileReference; explicitFileType = wrapper.cfbundle; includeInIndex = 0; path = ColdWaterTests.xctest; sourceTree = BUILT_PRODUCTS_DIR; };
		FB0AEADE2E22DD2300CB812A /* LocationPickerViewTests.swift */ = {isa = PBXFileReference; fileEncoding = 4; lastKnownFileType = sourcecode.swift; path = LocationPickerViewTests.swift; sourceTree = "<group>"; };
		FB0AEADF2E22DD2300CB812A /* LocationViewModelTests.swift */ = {isa = PBXFileReference; fileEncoding = 4; lastKnownFileType = sourcecode.swift; path = LocationViewModelTests.swift; sourceTree = "<group>"; };
		FB0AEAE22E2420C300CB812A /* LocationViewModel.swift */ = {isa = PBXFileReference; lastKnownFileType = sourcecode.swift; path = LocationViewModel.swift; sourceTree = "<group>"; };
		FB0AEAE42E2445A000CB812A /* LocationPickerViewModel.swift */ = {isa = PBXFileReference; lastKnownFileType = sourcecode.swift; path = LocationPickerViewModel.swift; sourceTree = "<group>"; };
		FB5EC1C22E2C7C1F00107E24 /* Info.plist */ = {isa = PBXFileReference; lastKnownFileType = text.plist.xml; path = Info.plist; sourceTree = "<group>"; };
		FB5EC1C32E2C7E0900107E24 /* ColdWater.entitlements */ = {isa = PBXFileReference; lastKnownFileType = text.plist.entitlements; path = ColdWater.entitlements; sourceTree = "<group>"; };
		FB5EC1C52E2C7ECE00107E24 /* AuthenticationStatus.swift */ = {isa = PBXFileReference; lastKnownFileType = sourcecode.swift; path = AuthenticationStatus.swift; sourceTree = "<group>"; };
		FB5EC1C72E2C7EFB00107E24 /* AppleSignInHelpers.swift */ = {isa = PBXFileReference; lastKnownFileType = sourcecode.swift; path = AppleSignInHelpers.swift; sourceTree = "<group>"; };
		FB5EC1C92E2C7F2D00107E24 /* CWUser.swift */ = {isa = PBXFileReference; lastKnownFileType = sourcecode.swift; path = CWUser.swift; sourceTree = "<group>"; };
		FB5EC1CC2E2C7F6600107E24 /* SingletonRegistry.swift */ = {isa = PBXFileReference; lastKnownFileType = sourcecode.swift; path = SingletonRegistry.swift; sourceTree = "<group>"; };
		FB5EC1D22E2C85D100107E24 /* AppState.swift */ = {isa = PBXFileReference; lastKnownFileType = sourcecode.swift; path = AppState.swift; sourceTree = "<group>"; };
		FB5EC1D42E2C85F500107E24 /* WelcomeView.swift */ = {isa = PBXFileReference; lastKnownFileType = sourcecode.swift; path = WelcomeView.swift; sourceTree = "<group>"; };
		FB5EC1D72E2C86A000107E24 /* AppleSignInButton.swift */ = {isa = PBXFileReference; lastKnownFileType = sourcecode.swift; path = AppleSignInButton.swift; sourceTree = "<group>"; };
		FB5EC1D92E2C87A300107E24 /* UIConfiguration.swift */ = {isa = PBXFileReference; lastKnownFileType = sourcecode.swift; path = UIConfiguration.swift; sourceTree = "<group>"; };
		FB5EC1DB2E2C88BC00107E24 /* SignInView.swift */ = {isa = PBXFileReference; lastKnownFileType = sourcecode.swift; path = SignInView.swift; sourceTree = "<group>"; };
		FB5EC1DD2E2C88C300107E24 /* SignUpView.swift */ = {isa = PBXFileReference; lastKnownFileType = sourcecode.swift; path = SignUpView.swift; sourceTree = "<group>"; };
		FB5EC1DF2E2C8EDC00107E24 /* SignUpViewModel.swift */ = {isa = PBXFileReference; lastKnownFileType = sourcecode.swift; path = SignUpViewModel.swift; sourceTree = "<group>"; };
		FB5EC1E12E2C8F2F00107E24 /* SignInViewModel.swift */ = {isa = PBXFileReference; lastKnownFileType = sourcecode.swift; path = SignInViewModel.swift; sourceTree = "<group>"; };
		FB5EC1E32E2C91F200107E24 /* AccountConversionViewModel.swift */ = {isa = PBXFileReference; lastKnownFileType = sourcecode.swift; path = AccountConversionViewModel.swift; sourceTree = "<group>"; };
		FB5EC1E52E2C91FF00107E24 /* AccountConversionView.swift */ = {isa = PBXFileReference; lastKnownFileType = sourcecode.swift; path = AccountConversionView.swift; sourceTree = "<group>"; };
		FB5EC1E72E2C92C900107E24 /* SettingsViewModel.swift */ = {isa = PBXFileReference; lastKnownFileType = sourcecode.swift; path = SettingsViewModel.swift; sourceTree = "<group>"; };
		FB5EC1EB2E2D449200107E24 /* AuthenticationManagerTests.swift */ = {isa = PBXFileReference; lastKnownFileType = sourcecode.swift; path = AuthenticationManagerTests.swift; sourceTree = "<group>"; };
		FB5EC1ED2E2D4E9100107E24 /* WelcomeViewTests.swift */ = {isa = PBXFileReference; lastKnownFileType = sourcecode.swift; path = WelcomeViewTests.swift; sourceTree = "<group>"; };
		FB5EC1F32E2D54E000107E24 /* TestableAuthenticationManager.swift */ = {isa = PBXFileReference; lastKnownFileType = sourcecode.swift; path = TestableAuthenticationManager.swift; sourceTree = "<group>"; };
		FB5EC1F52E2D551F00107E24 /* MockFirebaseAuth.swift */ = {isa = PBXFileReference; lastKnownFileType = sourcecode.swift; path = MockFirebaseAuth.swift; sourceTree = "<group>"; };
		FB5EC1F92E2D7F1F00107E24 /* SignInViewTests.swift */ = {isa = PBXFileReference; lastKnownFileType = sourcecode.swift; path = SignInViewTests.swift; sourceTree = "<group>"; };
		FB5EC1FB2E2D81CF00107E24 /* SignUpViewTests.swift */ = {isa = PBXFileReference; lastKnownFileType = sourcecode.swift; path = SignUpViewTests.swift; sourceTree = "<group>"; };
		FB5EC1FD2E2D845400107E24 /* AccountConversionViewTests.swift */ = {isa = PBXFileReference; lastKnownFileType = sourcecode.swift; path = AccountConversionViewTests.swift; sourceTree = "<group>"; };
		FB5EC1FF2E2D8DE400107E24 /* OnboardingConfirmationView.swift */ = {isa = PBXFileReference; lastKnownFileType = sourcecode.swift; path = OnboardingConfirmationView.swift; sourceTree = "<group>"; };
		FB5EC2002E2D8DE400107E24 /* WakeUpTimeView.swift */ = {isa = PBXFileReference; lastKnownFileType = sourcecode.swift; path = WakeUpTimeView.swift; sourceTree = "<group>"; };
		FB5EC2022E2D8DE400107E24 /* OnboardingContainerView.swift */ = {isa = PBXFileReference; lastKnownFileType = sourcecode.swift; path = OnboardingContainerView.swift; sourceTree = "<group>"; };
		FB5EC2032E2D8DE400107E24 /* OnboardingCoordinator.swift */ = {isa = PBXFileReference; lastKnownFileType = sourcecode.swift; path = OnboardingCoordinator.swift; sourceTree = "<group>"; };
		FB5EC2042E2D8DE400107E24 /* UserPreferences.swift */ = {isa = PBXFileReference; lastKnownFileType = sourcecode.swift; path = UserPreferences.swift; sourceTree = "<group>"; };
		FB5EC20B2E2D8E7500107E24 /* GoogleService-Info.plist */ = {isa = PBXFileReference; lastKnownFileType = text.plist.xml; path = "GoogleService-Info.plist"; sourceTree = "<group>"; };
		FB5EC20D2E2D90AE00107E24 /* WakeUpMethodView.swift */ = {isa = PBXFileReference; lastKnownFileType = sourcecode.swift; path = WakeUpMethodView.swift; sourceTree = "<group>"; };
		FB5EC20F2E2D90B400107E24 /* StepsConfigView.swift */ = {isa = PBXFileReference; lastKnownFileType = sourcecode.swift; path = StepsConfigView.swift; sourceTree = "<group>"; };
		FB5EC2112E2D90BA00107E24 /* LocationConfigView.swift */ = {isa = PBXFileReference; lastKnownFileType = sourcecode.swift; path = LocationConfigView.swift; sourceTree = "<group>"; };
		FB5EC2132E2D90C000107E24 /* GracePeriodView.swift */ = {isa = PBXFileReference; lastKnownFileType = sourcecode.swift; path = GracePeriodView.swift; sourceTree = "<group>"; };
		FB5EC2152E2D90CB00107E24 /* MotivationMethodView.swift */ = {isa = PBXFileReference; lastKnownFileType = sourcecode.swift; path = MotivationMethodView.swift; sourceTree = "<group>"; };
		FB652F372E2C393700B323F1 /* HomeView.swift */ = {isa = PBXFileReference; lastKnownFileType = sourcecode.swift; path = HomeView.swift; sourceTree = "<group>"; };
		FB652F392E2C3A6A00B323F1 /* HomeViewModel.swift */ = {isa = PBXFileReference; lastKnownFileType = sourcecode.swift; path = HomeViewModel.swift; sourceTree = "<group>"; };
		FB652F3B2E2C3AA700B323F1 /* SettingsView.swift */ = {isa = PBXFileReference; lastKnownFileType = sourcecode.swift; path = SettingsView.swift; sourceTree = "<group>"; };
		FB652F3D2E2C3B6800B323F1 /* HomeViewTests.swift */ = {isa = PBXFileReference; lastKnownFileType = sourcecode.swift; path = HomeViewTests.swift; sourceTree = "<group>"; };
		FB652F412E2C3F3B00B323F1 /* AuthenticationManager.swift */ = {isa = PBXFileReference; lastKnownFileType = sourcecode.swift; path = AuthenticationManager.swift; sourceTree = "<group>"; };
		FBDDCE9C2E2E87140085B7E4 /* HealthKitManager.swift */ = {isa = PBXFileReference; lastKnownFileType = sourcecode.swift; path = HealthKitManager.swift; sourceTree = "<group>"; };
		FBDDCEB12E575E8B0085B7E4 /* SupabaseService.swift */ = {isa = PBXFileReference; lastKnownFileType = sourcecode.swift; path = SupabaseService.swift; sourceTree = "<group>"; };
		FBDDCEB32E575E960085B7E4 /* UserPreferencesManager.swift */ = {isa = PBXFileReference; lastKnownFileType = sourcecode.swift; path = UserPreferencesManager.swift; sourceTree = "<group>"; };
		FBDDCEB62E578F5A0085B7E4 /* AlarmKitManager.swift */ = {isa = PBXFileReference; lastKnownFileType = sourcecode.swift; path = AlarmKitManager.swift; sourceTree = "<group>"; };
		FBDDCEB82E5799DF0085B7E4 /* IntroSlideShowView.swift */ = {isa = PBXFileReference; lastKnownFileType = sourcecode.swift; path = IntroSlideShowView.swift; sourceTree = "<group>"; };
		FBDDCEBA2E58B46D0085B7E4 /* OnboardingAuthViewModel.swift */ = {isa = PBXFileReference; lastKnownFileType = sourcecode.swift; path = OnboardingAuthViewModel.swift; sourceTree = "<group>"; };
/* End PBXFileReference section */

/* Begin PBXFrameworksBuildPhase section */
		FB0AEAAB2E204BD600CB812A /* Frameworks */ = {
			isa = PBXFrameworksBuildPhase;
			buildActionMask = 2147483647;
			files = (
				FBDDCEB02E50EA910085B7E4 /* Supabase in Frameworks */,
				FBDDCEA82E50E2BB0085B7E4 /* Storage in Frameworks */,
				FBDDCEA42E50E2BB0085B7E4 /* PostgREST in Frameworks */,
				FBDDCEA22E50E2BB0085B7E4 /* Functions in Frameworks */,
				FBDDCEA02E50E2BB0085B7E4 /* Auth in Frameworks */,
				FBDDCEA62E50E2BB0085B7E4 /* Realtime in Frameworks */,
				7CC64D4ED7BA90A548EBFD21 /* Pods_ColdWater.framework in Frameworks */,
			);
			runOnlyForDeploymentPostprocessing = 0;
		};
		FB0AEAD12E22BADF00CB812A /* Frameworks */ = {
			isa = PBXFrameworksBuildPhase;
			buildActionMask = 2147483647;
			files = (
				2827EB27AA3F92692BA5B5ED /* Pods_ColdWaterTests.framework in Frameworks */,
			);
			runOnlyForDeploymentPostprocessing = 0;
		};
/* End PBXFrameworksBuildPhase section */

/* Begin PBXGroup section */
		4DF9B2BAAC5945C7385BD98E /* Frameworks */ = {
			isa = PBXGroup;
			children = (
				F0C486DCEB05F0011A3A24FC /* Pods_ColdWater.framework */,
				B7BA4F2070DA439B41709F99 /* Pods_ColdWaterTests.framework */,
			);
			name = Frameworks;
			sourceTree = "<group>";
		};
		7D27BAB1657B99EE19CDD578 /* Pods */ = {
			isa = PBXGroup;
			children = (
				DDC7C2F56E07B4D87E8215BE /* Pods-ColdWater.debug.xcconfig */,
				8E969B1F802A208C46DC5C3B /* Pods-ColdWater.release.xcconfig */,
				3E8027575C639F1CC2BCC3C3 /* Pods-ColdWaterTests.debug.xcconfig */,
				7A88D236828A5CED4DDCC044 /* Pods-ColdWaterTests.release.xcconfig */,
			);
			path = Pods;
			sourceTree = "<group>";
		};
		FB0AEAA52E204BD500CB812A = {
			isa = PBXGroup;
			children = (
				FB0AEAB02E204BD600CB812A /* ColdWater */,
				FB0AEAD52E22BAE000CB812A /* ColdWaterTests */,
				FB0AEAAF2E204BD600CB812A /* Products */,
				7D27BAB1657B99EE19CDD578 /* Pods */,
				4DF9B2BAAC5945C7385BD98E /* Frameworks */,
			);
			sourceTree = "<group>";
		};
		FB0AEAAF2E204BD600CB812A /* Products */ = {
			isa = PBXGroup;
			children = (
				FB0AEAAE2E204BD600CB812A /* ColdWater.app */,
				FB0AEAD42E22BAE000CB812A /* ColdWaterTests.xctest */,
			);
			name = Products;
			sourceTree = "<group>";
		};
		FB0AEAB02E204BD600CB812A /* ColdWater */ = {
			isa = PBXGroup;
			children = (
				FB5EC1C32E2C7E0900107E24 /* ColdWater.entitlements */,
				FB5EC1CB2E2C7F5E00107E24 /* Backend */,
				FB5EC1C42E2C7EB600107E24 /* Authentication */,
				FBDDCEB52E578F440085B7E4 /* Alarm */,
				FBDDCE9B2E2E87030085B7E4 /* Pedometer */,
				FB5EC1D62E2C863200107E24 /* Location */,
				FB5EC2052E2D8DE400107E24 /* Onboarding */,
				FB5EC1D92E2C87A300107E24 /* UIConfiguration.swift */,
				FB0AEAB12E204BD600CB812A /* ColdWaterApp.swift */,
				FB652F3B2E2C3AA700B323F1 /* SettingsView.swift */,
				FB5EC1E72E2C92C900107E24 /* SettingsViewModel.swift */,
				FB652F372E2C393700B323F1 /* HomeView.swift */,
				FB652F392E2C3A6A00B323F1 /* HomeViewModel.swift */,
				FB0AEAE22E2420C300CB812A /* LocationViewModel.swift */,
				FB0AEAB32E204BD600CB812A /* LocationView.swift */,
				FB5EC1C22E2C7C1F00107E24 /* Info.plist */,
				FB5EC20B2E2D8E7500107E24 /* GoogleService-Info.plist */,
				FB0AEAB52E204BD800CB812A /* Assets.xcassets */,
				FB0AEAB72E204BD800CB812A /* Preview Content */,
			);
			path = ColdWater;
			sourceTree = "<group>";
		};
		FB0AEAB72E204BD800CB812A /* Preview Content */ = {
			isa = PBXGroup;
			children = (
				FB0AEAB82E204BD800CB812A /* Preview Assets.xcassets */,
			);
			path = "Preview Content";
			sourceTree = "<group>";
		};
		FB0AEAD52E22BAE000CB812A /* ColdWaterTests */ = {
			isa = PBXGroup;
			children = (
				FB5EC1F72E2D723B00107E24 /* Authentication */,
				FB5EC1F82E2D724F00107E24 /* Location */,
				FB652F3D2E2C3B6800B323F1 /* HomeViewTests.swift */,
			);
			path = ColdWaterTests;
			sourceTree = "<group>";
		};
		FB5EC1C42E2C7EB600107E24 /* Authentication */ = {
			isa = PBXGroup;
			children = (
				FB652F412E2C3F3B00B323F1 /* AuthenticationManager.swift */,
				FB5EC1D12E2C859200107E24 /* Views */,
				FB5EC1D02E2C857B00107E24 /* Helpers */,
			);
			path = Authentication;
			sourceTree = "<group>";
		};
		FB5EC1CB2E2C7F5E00107E24 /* Backend */ = {
			isa = PBXGroup;
			children = (
				FBDDCEB32E575E960085B7E4 /* UserPreferencesManager.swift */,
				FB5EC2042E2D8DE400107E24 /* UserPreferences.swift */,
				FBDDCEB12E575E8B0085B7E4 /* SupabaseService.swift */,
				FB5EC1CC2E2C7F6600107E24 /* SingletonRegistry.swift */,
				FB5EC1D22E2C85D100107E24 /* AppState.swift */,
				FB5EC1C92E2C7F2D00107E24 /* CWUser.swift */,
			);
			path = Backend;
			sourceTree = "<group>";
		};
		FB5EC1D02E2C857B00107E24 /* Helpers */ = {
			isa = PBXGroup;
			children = (
				FB5EC1C72E2C7EFB00107E24 /* AppleSignInHelpers.swift */,
				FB5EC1D72E2C86A000107E24 /* AppleSignInButton.swift */,
				FB5EC1C52E2C7ECE00107E24 /* AuthenticationStatus.swift */,
			);
			path = Helpers;
			sourceTree = "<group>";
		};
		FB5EC1D12E2C859200107E24 /* Views */ = {
			isa = PBXGroup;
			children = (
				FB5EC1DB2E2C88BC00107E24 /* SignInView.swift */,
				FB5EC1E12E2C8F2F00107E24 /* SignInViewModel.swift */,
				FB5EC1DD2E2C88C300107E24 /* SignUpView.swift */,
				FB5EC1DF2E2C8EDC00107E24 /* SignUpViewModel.swift */,
				FB5EC1E32E2C91F200107E24 /* AccountConversionViewModel.swift */,
				FB5EC1E52E2C91FF00107E24 /* AccountConversionView.swift */,
			);
			path = Views;
			sourceTree = "<group>";
		};
		FB5EC1D62E2C863200107E24 /* Location */ = {
			isa = PBXGroup;
			children = (
				FB0AEAC12E20507300CB812A /* LocationManager.swift */,
				FB0AEAC32E20507800CB812A /* LocationPickerView.swift */,
				FB0AEAE42E2445A000CB812A /* LocationPickerViewModel.swift */,
			);
			path = Location;
			sourceTree = "<group>";
		};
		FB5EC1F72E2D723B00107E24 /* Authentication */ = {
			isa = PBXGroup;
			children = (
				FB5EC1F52E2D551F00107E24 /* MockFirebaseAuth.swift */,
				FB5EC1F32E2D54E000107E24 /* TestableAuthenticationManager.swift */,
				FB5EC1EB2E2D449200107E24 /* AuthenticationManagerTests.swift */,
				FB5EC1ED2E2D4E9100107E24 /* WelcomeViewTests.swift */,
				FB5EC1F92E2D7F1F00107E24 /* SignInViewTests.swift */,
				FB5EC1FB2E2D81CF00107E24 /* SignUpViewTests.swift */,
				FB5EC1FD2E2D845400107E24 /* AccountConversionViewTests.swift */,
			);
			path = Authentication;
			sourceTree = "<group>";
		};
		FB5EC1F82E2D724F00107E24 /* Location */ = {
			isa = PBXGroup;
			children = (
				FB0AEAC62E205A9300CB812A /* LocationManagerTests.swift */,
				FB0AEADF2E22DD2300CB812A /* LocationViewModelTests.swift */,
				FB0AEADE2E22DD2300CB812A /* LocationPickerViewTests.swift */,
			);
			path = Location;
			sourceTree = "<group>";
		};
		FB5EC2012E2D8DE400107E24 /* Views */ = {
			isa = PBXGroup;
			children = (
				FB5EC1D42E2C85F500107E24 /* WelcomeView.swift */,
				FBDDCEB82E5799DF0085B7E4 /* IntroSlideShowView.swift */,
				FB5EC2002E2D8DE400107E24 /* WakeUpTimeView.swift */,
				FB5EC20D2E2D90AE00107E24 /* WakeUpMethodView.swift */,
				FB5EC20F2E2D90B400107E24 /* StepsConfigView.swift */,
				FB5EC2112E2D90BA00107E24 /* LocationConfigView.swift */,
				FB5EC2132E2D90C000107E24 /* GracePeriodView.swift */,
				FB5EC2152E2D90CB00107E24 /* MotivationMethodView.swift */,
				FB5EC1FF2E2D8DE400107E24 /* OnboardingConfirmationView.swift */,
			);
			path = Views;
			sourceTree = "<group>";
		};
		FB5EC2052E2D8DE400107E24 /* Onboarding */ = {
			isa = PBXGroup;
			children = (
				FB5EC2012E2D8DE400107E24 /* Views */,
				FB5EC2022E2D8DE400107E24 /* OnboardingContainerView.swift */,
				FB5EC2032E2D8DE400107E24 /* OnboardingCoordinator.swift */,
				FBDDCEBA2E58B46D0085B7E4 /* OnboardingAuthViewModel.swift */,
			);
			path = Onboarding;
			sourceTree = "<group>";
		};
		FBDDCE9B2E2E87030085B7E4 /* Pedometer */ = {
			isa = PBXGroup;
			children = (
				FBDDCE9C2E2E87140085B7E4 /* HealthKitManager.swift */,
			);
			path = Pedometer;
			sourceTree = "<group>";
		};
		FBDDCEB52E578F440085B7E4 /* Alarm */ = {
			isa = PBXGroup;
			children = (
				FBDDCEB62E578F5A0085B7E4 /* AlarmKitManager.swift */,
			);
			path = Alarm;
			sourceTree = "<group>";
		};
/* End PBXGroup section */

/* Begin PBXNativeTarget section */
		FB0AEAAD2E204BD600CB812A /* ColdWater */ = {
			isa = PBXNativeTarget;
			buildConfigurationList = FB0AEABC2E204BD800CB812A /* Build configuration list for PBXNativeTarget "ColdWater" */;
			buildPhases = (
				A62564F64B85BF07BFB99EED /* [CP] Check Pods Manifest.lock */,
				FB0AEAAA2E204BD600CB812A /* Sources */,
				FB0AEAAB2E204BD600CB812A /* Frameworks */,
				FB0AEAAC2E204BD600CB812A /* Resources */,
				8321CC48F8D0D0534AE5D127 /* [CP] Embed Pods Frameworks */,
			);
			buildRules = (
			);
			dependencies = (
			);
			name = ColdWater;
			productName = ColdWater;
			productReference = FB0AEAAE2E204BD600CB812A /* ColdWater.app */;
			productType = "com.apple.product-type.application";
		};
		FB0AEAD32E22BADF00CB812A /* ColdWaterTests */ = {
			isa = PBXNativeTarget;
			buildConfigurationList = FB0AEADA2E22BAE000CB812A /* Build configuration list for PBXNativeTarget "ColdWaterTests" */;
			buildPhases = (
				6D9D5E29195ED963F77D32AF /* [CP] Check Pods Manifest.lock */,
				FB0AEAD02E22BADF00CB812A /* Sources */,
				FB0AEAD12E22BADF00CB812A /* Frameworks */,
				FB0AEAD22E22BADF00CB812A /* Resources */,
			);
			buildRules = (
			);
			dependencies = (
				FB0AEAD92E22BAE000CB812A /* PBXTargetDependency */,
			);
			name = ColdWaterTests;
			productName = ColdWaterTests;
			productReference = FB0AEAD42E22BAE000CB812A /* ColdWaterTests.xctest */;
			productType = "com.apple.product-type.bundle.unit-test";
		};
/* End PBXNativeTarget section */

/* Begin PBXProject section */
		FB0AEAA62E204BD500CB812A /* Project object */ = {
			isa = PBXProject;
			attributes = {
				BuildIndependentTargetsInParallel = 1;
				LastSwiftUpdateCheck = 1520;
				LastUpgradeCheck = 1520;
				TargetAttributes = {
					FB0AEAAD2E204BD600CB812A = {
						CreatedOnToolsVersion = 15.2;
					};
					FB0AEAD32E22BADF00CB812A = {
						CreatedOnToolsVersion = 15.2;
						TestTargetID = FB0AEAAD2E204BD600CB812A;
					};
				};
			};
			buildConfigurationList = FB0AEAA92E204BD500CB812A /* Build configuration list for PBXProject "ColdWater" */;
			compatibilityVersion = "Xcode 14.0";
			developmentRegion = en;
			hasScannedForEncodings = 0;
			knownRegions = (
				en,
				Base,
			);
			mainGroup = FB0AEAA52E204BD500CB812A;
			packageReferences = (
				FBDDCE9E2E50E2BB0085B7E4 /* XCRemoteSwiftPackageReference "supabase-swift" */,
			);
			productRefGroup = FB0AEAAF2E204BD600CB812A /* Products */;
			projectDirPath = "";
			projectRoot = "";
			targets = (
				FB0AEAAD2E204BD600CB812A /* ColdWater */,
				FB0AEAD32E22BADF00CB812A /* ColdWaterTests */,
			);
		};
/* End PBXProject section */

/* Begin PBXResourcesBuildPhase section */
		FB0AEAAC2E204BD600CB812A /* Resources */ = {
			isa = PBXResourcesBuildPhase;
			buildActionMask = 2147483647;
			files = (
				FB0AEAB92E204BD800CB812A /* Preview Assets.xcassets in Resources */,
				FB0AEAB62E204BD800CB812A /* Assets.xcassets in Resources */,
				FB5EC20C2E2D8E7500107E24 /* GoogleService-Info.plist in Resources */,
			);
			runOnlyForDeploymentPostprocessing = 0;
		};
		FB0AEAD22E22BADF00CB812A /* Resources */ = {
			isa = PBXResourcesBuildPhase;
			buildActionMask = 2147483647;
			files = (
			);
			runOnlyForDeploymentPostprocessing = 0;
		};
/* End PBXResourcesBuildPhase section */

/* Begin PBXShellScriptBuildPhase section */
		6D9D5E29195ED963F77D32AF /* [CP] Check Pods Manifest.lock */ = {
			isa = PBXShellScriptBuildPhase;
			buildActionMask = 2147483647;
			files = (
			);
			inputFileListPaths = (
			);
			inputPaths = (
				"${PODS_PODFILE_DIR_PATH}/Podfile.lock",
				"${PODS_ROOT}/Manifest.lock",
			);
			name = "[CP] Check Pods Manifest.lock";
			outputFileListPaths = (
			);
			outputPaths = (
				"$(DERIVED_FILE_DIR)/Pods-ColdWaterTests-checkManifestLockResult.txt",
			);
			runOnlyForDeploymentPostprocessing = 0;
			shellPath = /bin/sh;
			shellScript = "diff \"${PODS_PODFILE_DIR_PATH}/Podfile.lock\" \"${PODS_ROOT}/Manifest.lock\" > /dev/null\nif [ $? != 0 ] ; then\n    # print error to STDERR\n    echo \"error: The sandbox is not in sync with the Podfile.lock. Run 'pod install' or update your CocoaPods installation.\" >&2\n    exit 1\nfi\n# This output is used by Xcode 'outputs' to avoid re-running this script phase.\necho \"SUCCESS\" > \"${SCRIPT_OUTPUT_FILE_0}\"\n";
			showEnvVarsInLog = 0;
		};
		8321CC48F8D0D0534AE5D127 /* [CP] Embed Pods Frameworks */ = {
			isa = PBXShellScriptBuildPhase;
			buildActionMask = 2147483647;
			files = (
			);
			inputFileListPaths = (
				"${PODS_ROOT}/Target Support Files/Pods-ColdWater/Pods-ColdWater-frameworks-${CONFIGURATION}-input-files.xcfilelist",
			);
			inputPaths = (
			);
			name = "[CP] Embed Pods Frameworks";
			outputFileListPaths = (
				"${PODS_ROOT}/Target Support Files/Pods-ColdWater/Pods-ColdWater-frameworks-${CONFIGURATION}-output-files.xcfilelist",
			);
			outputPaths = (
			);
			runOnlyForDeploymentPostprocessing = 0;
			shellPath = /bin/sh;
			shellScript = "\"${PODS_ROOT}/Target Support Files/Pods-ColdWater/Pods-ColdWater-frameworks.sh\"\n";
			showEnvVarsInLog = 0;
		};
		A62564F64B85BF07BFB99EED /* [CP] Check Pods Manifest.lock */ = {
			isa = PBXShellScriptBuildPhase;
			buildActionMask = 2147483647;
			files = (
			);
			inputFileListPaths = (
			);
			inputPaths = (
				"${PODS_PODFILE_DIR_PATH}/Podfile.lock",
				"${PODS_ROOT}/Manifest.lock",
			);
			name = "[CP] Check Pods Manifest.lock";
			outputFileListPaths = (
			);
			outputPaths = (
				"$(DERIVED_FILE_DIR)/Pods-ColdWater-checkManifestLockResult.txt",
			);
			runOnlyForDeploymentPostprocessing = 0;
			shellPath = /bin/sh;
			shellScript = "diff \"${PODS_PODFILE_DIR_PATH}/Podfile.lock\" \"${PODS_ROOT}/Manifest.lock\" > /dev/null\nif [ $? != 0 ] ; then\n    # print error to STDERR\n    echo \"error: The sandbox is not in sync with the Podfile.lock. Run 'pod install' or update your CocoaPods installation.\" >&2\n    exit 1\nfi\n# This output is used by Xcode 'outputs' to avoid re-running this script phase.\necho \"SUCCESS\" > \"${SCRIPT_OUTPUT_FILE_0}\"\n";
			showEnvVarsInLog = 0;
		};
/* End PBXShellScriptBuildPhase section */

/* Begin PBXSourcesBuildPhase section */
		FB0AEAAA2E204BD600CB812A /* Sources */ = {
			isa = PBXSourcesBuildPhase;
			buildActionMask = 2147483647;
			files = (
				FB0AEAB42E204BD600CB812A /* LocationView.swift in Sources */,
				FB5EC1C62E2C7ECE00107E24 /* AuthenticationStatus.swift in Sources */,
				FB652F382E2C393700B323F1 /* HomeView.swift in Sources */,
				FB5EC2122E2D90BA00107E24 /* LocationConfigView.swift in Sources */,
				FB5EC1D32E2C85D100107E24 /* AppState.swift in Sources */,
				FB5EC1E42E2C91F200107E24 /* AccountConversionViewModel.swift in Sources */,
				FB5EC1E22E2C8F2F00107E24 /* SignInViewModel.swift in Sources */,
				FB0AEAE52E2445A000CB812A /* LocationPickerViewModel.swift in Sources */,
				FB652F422E2C3F3B00B323F1 /* AuthenticationManager.swift in Sources */,
				FBDDCEB92E5799DF0085B7E4 /* IntroSlideShowView.swift in Sources */,
				FBDDCEB42E575E960085B7E4 /* UserPreferencesManager.swift in Sources */,
				FB5EC2102E2D90B400107E24 /* StepsConfigView.swift in Sources */,
				FB652F3C2E2C3AA700B323F1 /* SettingsView.swift in Sources */,
				FB5EC1CA2E2C7F2D00107E24 /* CWUser.swift in Sources */,
				FB652F3A2E2C3A6A00B323F1 /* HomeViewModel.swift in Sources */,
				FB5EC1DE2E2C88C300107E24 /* SignUpView.swift in Sources */,
				FBDDCEB72E578F5A0085B7E4 /* AlarmKitManager.swift in Sources */,
				FB5EC2142E2D90C000107E24 /* GracePeriodView.swift in Sources */,
				FB0AEAC42E20507800CB812A /* LocationPickerView.swift in Sources */,
				FB5EC1C82E2C7EFB00107E24 /* AppleSignInHelpers.swift in Sources */,
				FB0AEAB22E204BD600CB812A /* ColdWaterApp.swift in Sources */,
				FB0AEAC22E20507300CB812A /* LocationManager.swift in Sources */,
				FB5EC1DC2E2C88BC00107E24 /* SignInView.swift in Sources */,
				FB5EC1DA2E2C87A300107E24 /* UIConfiguration.swift in Sources */,
				FB5EC1D82E2C86A000107E24 /* AppleSignInButton.swift in Sources */,
				FB5EC1E62E2C91FF00107E24 /* AccountConversionView.swift in Sources */,
				FB5EC1E82E2C92C900107E24 /* SettingsViewModel.swift in Sources */,
				FB5EC1CD2E2C7F6600107E24 /* SingletonRegistry.swift in Sources */,
				FBDDCEBB2E58B46D0085B7E4 /* OnboardingAuthViewModel.swift in Sources */,
				FB0AEAE32E2420C300CB812A /* LocationViewModel.swift in Sources */,
				FB5EC2062E2D8DE500107E24 /* OnboardingContainerView.swift in Sources */,
				FBDDCEB22E575E8B0085B7E4 /* SupabaseService.swift in Sources */,
				FB5EC2072E2D8DE500107E24 /* UserPreferences.swift in Sources */,
				FB5EC20E2E2D90AF00107E24 /* WakeUpMethodView.swift in Sources */,
				FB5EC2082E2D8DE500107E24 /* WakeUpTimeView.swift in Sources */,
				FB5EC2092E2D8DE500107E24 /* OnboardingConfirmationView.swift in Sources */,
				FB5EC20A2E2D8DE500107E24 /* OnboardingCoordinator.swift in Sources */,
				FBDDCE9D2E2E87140085B7E4 /* HealthKitManager.swift in Sources */,
				FB5EC1E02E2C8EDC00107E24 /* SignUpViewModel.swift in Sources */,
				FB5EC1D52E2C85F500107E24 /* WelcomeView.swift in Sources */,
				FB5EC2162E2D90CB00107E24 /* MotivationMethodView.swift in Sources */,
			);
			runOnlyForDeploymentPostprocessing = 0;
		};
		FB0AEAD02E22BADF00CB812A /* Sources */ = {
			isa = PBXSourcesBuildPhase;
			buildActionMask = 2147483647;
			files = (
				FB0AEADD2E22BAE400CB812A /* LocationManagerTests.swift in Sources */,
				FB5EC1FE2E2D845400107E24 /* AccountConversionViewTests.swift in Sources */,
				FB5EC1FA2E2D7F1F00107E24 /* SignInViewTests.swift in Sources */,
				FB5EC1EC2E2D449200107E24 /* AuthenticationManagerTests.swift in Sources */,
				FB0AEAE12E22DD2300CB812A /* LocationViewModelTests.swift in Sources */,
				FB5EC1EE2E2D4E9100107E24 /* WelcomeViewTests.swift in Sources */,
				FB5EC1F42E2D54E000107E24 /* TestableAuthenticationManager.swift in Sources */,
				FB652F3E2E2C3B6800B323F1 /* HomeViewTests.swift in Sources */,
				FB5EC1F62E2D551F00107E24 /* MockFirebaseAuth.swift in Sources */,
				FB5EC1FC2E2D81CF00107E24 /* SignUpViewTests.swift in Sources */,
				FB0AEAE02E22DD2300CB812A /* LocationPickerViewTests.swift in Sources */,
			);
			runOnlyForDeploymentPostprocessing = 0;
		};
/* End PBXSourcesBuildPhase section */

/* Begin PBXTargetDependency section */
		FB0AEAD92E22BAE000CB812A /* PBXTargetDependency */ = {
			isa = PBXTargetDependency;
			target = FB0AEAAD2E204BD600CB812A /* ColdWater */;
			targetProxy = FB0AEAD82E22BAE000CB812A /* PBXContainerItemProxy */;
		};
/* End PBXTargetDependency section */

/* Begin XCBuildConfiguration section */
		FB0AEABA2E204BD800CB812A /* Debug */ = {
			isa = XCBuildConfiguration;
			buildSettings = {
				ALWAYS_SEARCH_USER_PATHS = NO;
				ASSETCATALOG_COMPILER_GENERATE_SWIFT_ASSET_SYMBOL_EXTENSIONS = YES;
				CLANG_ANALYZER_NONNULL = YES;
				CLANG_ANALYZER_NUMBER_OBJECT_CONVERSION = YES_AGGRESSIVE;
				CLANG_CXX_LANGUAGE_STANDARD = "gnu++20";
				CLANG_ENABLE_MODULES = YES;
				CLANG_ENABLE_OBJC_ARC = YES;
				CLANG_ENABLE_OBJC_WEAK = YES;
				CLANG_WARN_BLOCK_CAPTURE_AUTORELEASING = YES;
				CLANG_WARN_BOOL_CONVERSION = YES;
				CLANG_WARN_COMMA = YES;
				CLANG_WARN_CONSTANT_CONVERSION = YES;
				CLANG_WARN_DEPRECATED_OBJC_IMPLEMENTATIONS = YES;
				CLANG_WARN_DIRECT_OBJC_ISA_USAGE = YES_ERROR;
				CLANG_WARN_DOCUMENTATION_COMMENTS = YES;
				CLANG_WARN_EMPTY_BODY = YES;
				CLANG_WARN_ENUM_CONVERSION = YES;
				CLANG_WARN_INFINITE_RECURSION = YES;
				CLANG_WARN_INT_CONVERSION = YES;
				CLANG_WARN_NON_LITERAL_NULL_CONVERSION = YES;
				CLANG_WARN_OBJC_IMPLICIT_RETAIN_SELF = YES;
				CLANG_WARN_OBJC_LITERAL_CONVERSION = YES;
				CLANG_WARN_OBJC_ROOT_CLASS = YES_ERROR;
				CLANG_WARN_QUOTED_INCLUDE_IN_FRAMEWORK_HEADER = YES;
				CLANG_WARN_RANGE_LOOP_ANALYSIS = YES;
				CLANG_WARN_STRICT_PROTOTYPES = YES;
				CLANG_WARN_SUSPICIOUS_MOVE = YES;
				CLANG_WARN_UNGUARDED_AVAILABILITY = YES_AGGRESSIVE;
				CLANG_WARN_UNREACHABLE_CODE = YES;
				CLANG_WARN__DUPLICATE_METHOD_MATCH = YES;
				COPY_PHASE_STRIP = NO;
				DEBUG_INFORMATION_FORMAT = dwarf;
				ENABLE_STRICT_OBJC_MSGSEND = YES;
				ENABLE_TESTABILITY = YES;
				ENABLE_USER_SCRIPT_SANDBOXING = YES;
				GCC_C_LANGUAGE_STANDARD = gnu17;
				GCC_DYNAMIC_NO_PIC = NO;
				GCC_NO_COMMON_BLOCKS = YES;
				GCC_OPTIMIZATION_LEVEL = 0;
				GCC_PREPROCESSOR_DEFINITIONS = (
					"DEBUG=1",
					"$(inherited)",
				);
				GCC_WARN_64_TO_32_BIT_CONVERSION = YES;
				GCC_WARN_ABOUT_RETURN_TYPE = YES_ERROR;
				GCC_WARN_UNDECLARED_SELECTOR = YES;
				GCC_WARN_UNINITIALIZED_AUTOS = YES_AGGRESSIVE;
				GCC_WARN_UNUSED_FUNCTION = YES;
				GCC_WARN_UNUSED_VARIABLE = YES;
				IPHONEOS_DEPLOYMENT_TARGET = 17.2;
				LOCALIZATION_PREFERS_STRING_CATALOGS = YES;
				MTL_ENABLE_DEBUG_INFO = INCLUDE_SOURCE;
				MTL_FAST_MATH = YES;
				ONLY_ACTIVE_ARCH = YES;
				SDKROOT = iphoneos;
				SWIFT_ACTIVE_COMPILATION_CONDITIONS = "DEBUG $(inherited)";
				SWIFT_OPTIMIZATION_LEVEL = "-Onone";
			};
			name = Debug;
		};
		FB0AEABB2E204BD800CB812A /* Release */ = {
			isa = XCBuildConfiguration;
			buildSettings = {
				ALWAYS_SEARCH_USER_PATHS = NO;
				ASSETCATALOG_COMPILER_GENERATE_SWIFT_ASSET_SYMBOL_EXTENSIONS = YES;
				CLANG_ANALYZER_NONNULL = YES;
				CLANG_ANALYZER_NUMBER_OBJECT_CONVERSION = YES_AGGRESSIVE;
				CLANG_CXX_LANGUAGE_STANDARD = "gnu++20";
				CLANG_ENABLE_MODULES = YES;
				CLANG_ENABLE_OBJC_ARC = YES;
				CLANG_ENABLE_OBJC_WEAK = YES;
				CLANG_WARN_BLOCK_CAPTURE_AUTORELEASING = YES;
				CLANG_WARN_BOOL_CONVERSION = YES;
				CLANG_WARN_COMMA = YES;
				CLANG_WARN_CONSTANT_CONVERSION = YES;
				CLANG_WARN_DEPRECATED_OBJC_IMPLEMENTATIONS = YES;
				CLANG_WARN_DIRECT_OBJC_ISA_USAGE = YES_ERROR;
				CLANG_WARN_DOCUMENTATION_COMMENTS = YES;
				CLANG_WARN_EMPTY_BODY = YES;
				CLANG_WARN_ENUM_CONVERSION = YES;
				CLANG_WARN_INFINITE_RECURSION = YES;
				CLANG_WARN_INT_CONVERSION = YES;
				CLANG_WARN_NON_LITERAL_NULL_CONVERSION = YES;
				CLANG_WARN_OBJC_IMPLICIT_RETAIN_SELF = YES;
				CLANG_WARN_OBJC_LITERAL_CONVERSION = YES;
				CLANG_WARN_OBJC_ROOT_CLASS = YES_ERROR;
				CLANG_WARN_QUOTED_INCLUDE_IN_FRAMEWORK_HEADER = YES;
				CLANG_WARN_RANGE_LOOP_ANALYSIS = YES;
				CLANG_WARN_STRICT_PROTOTYPES = YES;
				CLANG_WARN_SUSPICIOUS_MOVE = YES;
				CLANG_WARN_UNGUARDED_AVAILABILITY = YES_AGGRESSIVE;
				CLANG_WARN_UNREACHABLE_CODE = YES;
				CLANG_WARN__DUPLICATE_METHOD_MATCH = YES;
				COPY_PHASE_STRIP = NO;
				DEBUG_INFORMATION_FORMAT = "dwarf-with-dsym";
				ENABLE_NS_ASSERTIONS = NO;
				ENABLE_STRICT_OBJC_MSGSEND = YES;
				ENABLE_USER_SCRIPT_SANDBOXING = YES;
				GCC_C_LANGUAGE_STANDARD = gnu17;
				GCC_NO_COMMON_BLOCKS = YES;
				GCC_WARN_64_TO_32_BIT_CONVERSION = YES;
				GCC_WARN_ABOUT_RETURN_TYPE = YES_ERROR;
				GCC_WARN_UNDECLARED_SELECTOR = YES;
				GCC_WARN_UNINITIALIZED_AUTOS = YES_AGGRESSIVE;
				GCC_WARN_UNUSED_FUNCTION = YES;
				GCC_WARN_UNUSED_VARIABLE = YES;
				IPHONEOS_DEPLOYMENT_TARGET = 17.2;
				LOCALIZATION_PREFERS_STRING_CATALOGS = YES;
				MTL_ENABLE_DEBUG_INFO = NO;
				MTL_FAST_MATH = YES;
				SDKROOT = iphoneos;
				SWIFT_COMPILATION_MODE = wholemodule;
				VALIDATE_PRODUCT = YES;
			};
			name = Release;
		};
		FB0AEABD2E204BD800CB812A /* Debug */ = {
			isa = XCBuildConfiguration;
			baseConfigurationReference = DDC7C2F56E07B4D87E8215BE /* Pods-ColdWater.debug.xcconfig */;
			buildSettings = {
				ASSETCATALOG_COMPILER_APPICON_NAME = AppIcon;
				ASSETCATALOG_COMPILER_GLOBAL_ACCENT_COLOR_NAME = AccentColor;
				CODE_SIGN_ENTITLEMENTS = ColdWater/ColdWater.entitlements;
				CODE_SIGN_IDENTITY = "iPhone Developer";
				CODE_SIGN_STYLE = Automatic;
				CURRENT_PROJECT_VERSION = 1;
				DEVELOPMENT_ASSET_PATHS = "\"ColdWater/Preview Content\"";
				DEVELOPMENT_TEAM = 969BFJ8RVF;
				ENABLE_PREVIEWS = YES;
				ENABLE_USER_SCRIPT_SANDBOXING = NO;
				GENERATE_INFOPLIST_FILE = YES;
				INFOPLIST_FILE = ColdWater/Info.plist;
				INFOPLIST_KEY_NSHealthShareUsageDescription = "To track your steps";
				INFOPLIST_KEY_NSHealthUpdateUsageDescription = "To track your steps";
				INFOPLIST_KEY_NSLocationAlwaysAndWhenInUseUsageDescription = "For the app to track your location";
				INFOPLIST_KEY_NSLocationAlwaysUsageDescription = "For the app to track your location";
				INFOPLIST_KEY_NSLocationWhenInUseUsageDescription = "For the app to track your location";
				INFOPLIST_KEY_UIApplicationSceneManifest_Generation = YES;
				INFOPLIST_KEY_UIApplicationSupportsIndirectInputEvents = YES;
				INFOPLIST_KEY_UILaunchScreen_Generation = YES;
				INFOPLIST_KEY_UISupportedInterfaceOrientations_iPad = "UIInterfaceOrientationPortrait UIInterfaceOrientationPortraitUpsideDown UIInterfaceOrientationLandscapeLeft UIInterfaceOrientationLandscapeRight";
				INFOPLIST_KEY_UISupportedInterfaceOrientations_iPhone = "UIInterfaceOrientationPortrait UIInterfaceOrientationLandscapeLeft UIInterfaceOrientationLandscapeRight";
				LD_RUNPATH_SEARCH_PATHS = (
					"$(inherited)",
					"@executable_path/Frameworks",
				);
				MARKETING_VERSION = 1.0;
				PRODUCT_BUNDLE_IDENTIFIER = com.catherinecshi.ColdWater;
				PRODUCT_NAME = "$(TARGET_NAME)";
				SWIFT_EMIT_LOC_STRINGS = YES;
				SWIFT_VERSION = 5.0;
				SYSTEM_FRAMEWORK_SEARCH_PATHS = Yes;
				TARGETED_DEVICE_FAMILY = "1,2";
			};
			name = Debug;
		};
		FB0AEABE2E204BD800CB812A /* Release */ = {
			isa = XCBuildConfiguration;
			baseConfigurationReference = 8E969B1F802A208C46DC5C3B /* Pods-ColdWater.release.xcconfig */;
			buildSettings = {
				ASSETCATALOG_COMPILER_APPICON_NAME = AppIcon;
				ASSETCATALOG_COMPILER_GLOBAL_ACCENT_COLOR_NAME = AccentColor;
				CODE_SIGN_ENTITLEMENTS = ColdWater/ColdWater.entitlements;
				CODE_SIGN_IDENTITY = "iPhone Developer";
				CODE_SIGN_STYLE = Automatic;
				CURRENT_PROJECT_VERSION = 1;
				DEVELOPMENT_ASSET_PATHS = "\"ColdWater/Preview Content\"";
				DEVELOPMENT_TEAM = 969BFJ8RVF;
				ENABLE_PREVIEWS = YES;
				ENABLE_USER_SCRIPT_SANDBOXING = NO;
				GENERATE_INFOPLIST_FILE = YES;
				INFOPLIST_FILE = ColdWater/Info.plist;
				INFOPLIST_KEY_NSHealthShareUsageDescription = "To track your steps";
				INFOPLIST_KEY_NSHealthUpdateUsageDescription = "To track your steps";
				INFOPLIST_KEY_NSLocationAlwaysAndWhenInUseUsageDescription = "For the app to track your location";
				INFOPLIST_KEY_NSLocationAlwaysUsageDescription = "For the app to track your location";
				INFOPLIST_KEY_NSLocationWhenInUseUsageDescription = "For the app to track your location";
				INFOPLIST_KEY_UIApplicationSceneManifest_Generation = YES;
				INFOPLIST_KEY_UIApplicationSupportsIndirectInputEvents = YES;
				INFOPLIST_KEY_UILaunchScreen_Generation = YES;
				INFOPLIST_KEY_UISupportedInterfaceOrientations_iPad = "UIInterfaceOrientationPortrait UIInterfaceOrientationPortraitUpsideDown UIInterfaceOrientationLandscapeLeft UIInterfaceOrientationLandscapeRight";
				INFOPLIST_KEY_UISupportedInterfaceOrientations_iPhone = "UIInterfaceOrientationPortrait UIInterfaceOrientationLandscapeLeft UIInterfaceOrientationLandscapeRight";
				LD_RUNPATH_SEARCH_PATHS = (
					"$(inherited)",
					"@executable_path/Frameworks",
				);
				MARKETING_VERSION = 1.0;
				PRODUCT_BUNDLE_IDENTIFIER = com.catherinecshi.ColdWater;
				PRODUCT_NAME = "$(TARGET_NAME)";
				SWIFT_EMIT_LOC_STRINGS = YES;
				SWIFT_VERSION = 5.0;
				SYSTEM_FRAMEWORK_SEARCH_PATHS = Yes;
				"SYSTEM_FRAMEWORK_SEARCH_PATHS[arch=*]" = Yes;
				TARGETED_DEVICE_FAMILY = "1,2";
			};
			name = Release;
		};
		FB0AEADB2E22BAE000CB812A /* Debug */ = {
			isa = XCBuildConfiguration;
			baseConfigurationReference = 3E8027575C639F1CC2BCC3C3 /* Pods-ColdWaterTests.debug.xcconfig */;
			buildSettings = {
				BUNDLE_LOADER = "$(TEST_HOST)";
				CODE_SIGN_STYLE = Automatic;
				CURRENT_PROJECT_VERSION = 1;
				DEVELOPMENT_TEAM = 969BFJ8RVF;
				GENERATE_INFOPLIST_FILE = YES;
				MARKETING_VERSION = 1.0;
				PRODUCT_BUNDLE_IDENTIFIER = com.catherinecshi.ColdWaterTests;
				PRODUCT_NAME = "$(TARGET_NAME)";
				SWIFT_EMIT_LOC_STRINGS = NO;
				SWIFT_VERSION = 5.0;
				TARGETED_DEVICE_FAMILY = "1,2";
				TEST_HOST = "$(BUILT_PRODUCTS_DIR)/ColdWater.app/$(BUNDLE_EXECUTABLE_FOLDER_PATH)/ColdWater";
			};
			name = Debug;
		};
		FB0AEADC2E22BAE000CB812A /* Release */ = {
			isa = XCBuildConfiguration;
			baseConfigurationReference = 7A88D236828A5CED4DDCC044 /* Pods-ColdWaterTests.release.xcconfig */;
			buildSettings = {
				BUNDLE_LOADER = "$(TEST_HOST)";
				CODE_SIGN_STYLE = Automatic;
				CURRENT_PROJECT_VERSION = 1;
				DEVELOPMENT_TEAM = 969BFJ8RVF;
				GENERATE_INFOPLIST_FILE = YES;
				MARKETING_VERSION = 1.0;
				PRODUCT_BUNDLE_IDENTIFIER = com.catherinecshi.ColdWaterTests;
				PRODUCT_NAME = "$(TARGET_NAME)";
				SWIFT_EMIT_LOC_STRINGS = NO;
				SWIFT_VERSION = 5.0;
				TARGETED_DEVICE_FAMILY = "1,2";
				TEST_HOST = "$(BUILT_PRODUCTS_DIR)/ColdWater.app/$(BUNDLE_EXECUTABLE_FOLDER_PATH)/ColdWater";
			};
			name = Release;
		};
/* End XCBuildConfiguration section */

/* Begin XCConfigurationList section */
		FB0AEAA92E204BD500CB812A /* Build configuration list for PBXProject "ColdWater" */ = {
			isa = XCConfigurationList;
			buildConfigurations = (
				FB0AEABA2E204BD800CB812A /* Debug */,
				FB0AEABB2E204BD800CB812A /* Release */,
			);
			defaultConfigurationIsVisible = 0;
			defaultConfigurationName = Release;
		};
		FB0AEABC2E204BD800CB812A /* Build configuration list for PBXNativeTarget "ColdWater" */ = {
			isa = XCConfigurationList;
			buildConfigurations = (
				FB0AEABD2E204BD800CB812A /* Debug */,
				FB0AEABE2E204BD800CB812A /* Release */,
			);
			defaultConfigurationIsVisible = 0;
			defaultConfigurationName = Release;
		};
		FB0AEADA2E22BAE000CB812A /* Build configuration list for PBXNativeTarget "ColdWaterTests" */ = {
			isa = XCConfigurationList;
			buildConfigurations = (
				FB0AEADB2E22BAE000CB812A /* Debug */,
				FB0AEADC2E22BAE000CB812A /* Release */,
			);
			defaultConfigurationIsVisible = 0;
			defaultConfigurationName = Release;
		};
/* End XCConfigurationList section */

/* Begin XCRemoteSwiftPackageReference section */
		FBDDCE9E2E50E2BB0085B7E4 /* XCRemoteSwiftPackageReference "supabase-swift" */ = {
			isa = XCRemoteSwiftPackageReference;
			repositoryURL = "https://github.com/supabase/supabase-swift.git";
			requirement = {
				kind = upToNextMajorVersion;
				minimumVersion = 2.5.1;
			};
		};
/* End XCRemoteSwiftPackageReference section */

/* Begin XCSwiftPackageProductDependency section */
		FBDDCE9F2E50E2BB0085B7E4 /* Auth */ = {
			isa = XCSwiftPackageProductDependency;
			package = FBDDCE9E2E50E2BB0085B7E4 /* XCRemoteSwiftPackageReference "supabase-swift" */;
			productName = Auth;
		};
		FBDDCEA12E50E2BB0085B7E4 /* Functions */ = {
			isa = XCSwiftPackageProductDependency;
			package = FBDDCE9E2E50E2BB0085B7E4 /* XCRemoteSwiftPackageReference "supabase-swift" */;
			productName = Functions;
		};
		FBDDCEA32E50E2BB0085B7E4 /* PostgREST */ = {
			isa = XCSwiftPackageProductDependency;
			package = FBDDCE9E2E50E2BB0085B7E4 /* XCRemoteSwiftPackageReference "supabase-swift" */;
			productName = PostgREST;
		};
		FBDDCEA52E50E2BB0085B7E4 /* Realtime */ = {
			isa = XCSwiftPackageProductDependency;
			package = FBDDCE9E2E50E2BB0085B7E4 /* XCRemoteSwiftPackageReference "supabase-swift" */;
			productName = Realtime;
		};
		FBDDCEA72E50E2BB0085B7E4 /* Storage */ = {
			isa = XCSwiftPackageProductDependency;
			package = FBDDCE9E2E50E2BB0085B7E4 /* XCRemoteSwiftPackageReference "supabase-swift" */;
			productName = Storage;
		};
		FBDDCEAF2E50EA910085B7E4 /* Supabase */ = {
			isa = XCSwiftPackageProductDependency;
			package = FBDDCE9E2E50E2BB0085B7E4 /* XCRemoteSwiftPackageReference "supabase-swift" */;
			productName = Supabase;
		};
/* End XCSwiftPackageProductDependency section */
	};
	rootObject = FB0AEAA62E204BD500CB812A /* Project object */;
}
